// !$*UTF8*$!
{
	archiveVersion = 1;
	classes = {
	};
	objectVersion = 54;
	objects = {

/* Begin PBXBuildFile section */
		14076D492AC295E800E2F1D0 /* ConstantsUIKit.swift in Sources */ = {isa = PBXBuildFile; fileRef = 14076D482AC295E800E2F1D0 /* ConstantsUIKit.swift */; };
		1411F4052AC8FD1E005E0821 /* FinderTools in Resources */ = {isa = PBXBuildFile; fileRef = 1411F4042AC8FD1E005E0821 /* FinderTools */; };
		1411F4072ACA3343005E0821 /* FinderNewsView.swift in Sources */ = {isa = PBXBuildFile; fileRef = 1411F4062ACA3343005E0821 /* FinderNewsView.swift */; };
		1411F40B2ACA6327005E0821 /* FinderNewsModel.swift in Sources */ = {isa = PBXBuildFile; fileRef = 1411F40A2ACA6327005E0821 /* FinderNewsModel.swift */; };
		1411F40D2ACA63FF005E0821 /* FinderNewsCollectionViewCell.swift in Sources */ = {isa = PBXBuildFile; fileRef = 1411F40C2ACA63FF005E0821 /* FinderNewsCollectionViewCell.swift */; };
		141A6D842AC4641B004BD3BC /* TokenModel.swift in Sources */ = {isa = PBXBuildFile; fileRef = 141A6D832AC4641B004BD3BC /* TokenModel.swift */; };
		141A6D862AC517DE004BD3BC /* UIAlterControllerFast.swift in Sources */ = {isa = PBXBuildFile; fileRef = 141A6D852AC517DE004BD3BC /* UIAlterControllerFast.swift */; };
		141A6D8C2AC5280F004BD3BC /* WidgetKit.framework in Frameworks */ = {isa = PBXBuildFile; fileRef = 14076D302AC2950400E2F1D0 /* WidgetKit.framework */; };
		141A6D8D2AC5280F004BD3BC /* SwiftUI.framework in Frameworks */ = {isa = PBXBuildFile; fileRef = 14076D322AC2950400E2F1D0 /* SwiftUI.framework */; };
		141A6D902AC5280F004BD3BC /* CyxbsWidgetBundle.swift in Sources */ = {isa = PBXBuildFile; fileRef = 141A6D8F2AC5280F004BD3BC /* CyxbsWidgetBundle.swift */; };
		141A6D922AC5280F004BD3BC /* CyxbsWidgetLiveActivity.swift in Sources */ = {isa = PBXBuildFile; fileRef = 141A6D912AC5280F004BD3BC /* CyxbsWidgetLiveActivity.swift */; };
		141A6D942AC5280F004BD3BC /* CyxbsWidget.swift in Sources */ = {isa = PBXBuildFile; fileRef = 141A6D932AC5280F004BD3BC /* CyxbsWidget.swift */; };
		141A6D962AC5280F004BD3BC /* AppIntent.swift in Sources */ = {isa = PBXBuildFile; fileRef = 141A6D952AC5280F004BD3BC /* AppIntent.swift */; };
		141A6D982AC52810004BD3BC /* Assets.xcassets in Resources */ = {isa = PBXBuildFile; fileRef = 141A6D972AC52810004BD3BC /* Assets.xcassets */; };
		141A6D9C2AC52810004BD3BC /* CyxbsWidgetExtension.appex in Embed Foundation Extensions */ = {isa = PBXBuildFile; fileRef = 141A6D8B2AC5280F004BD3BC /* CyxbsWidgetExtension.appex */; settings = {ATTRIBUTES = (RemoveHeadersOnCopy, ); }; };
		141A6DA12AC52833004BD3BC /* CyxbsWidget.intentdefinition in Sources */ = {isa = PBXBuildFile; fileRef = 141A6DA02AC52833004BD3BC /* CyxbsWidget.intentdefinition */; };
		141A6DAC2AC529EC004BD3BC /* ScheduleWidget.swift in Sources */ = {isa = PBXBuildFile; fileRef = 141A6DA22AC529EB004BD3BC /* ScheduleWidget.swift */; };
		141A6DAD2AC529EC004BD3BC /* ScheduleProvider.swift in Sources */ = {isa = PBXBuildFile; fileRef = 141A6DA32AC529EB004BD3BC /* ScheduleProvider.swift */; };
		141A6DAE2AC529EC004BD3BC /* ScheduleWidgetEntryView.swift in Sources */ = {isa = PBXBuildFile; fileRef = 141A6DA42AC529EB004BD3BC /* ScheduleWidgetEntryView.swift */; };
		141A6DAF2AC529EC004BD3BC /* sno2021215154.data in Resources */ = {isa = PBXBuildFile; fileRef = 141A6DA52AC529EB004BD3BC /* sno2021215154.data */; };
		141A6DB02AC529EC004BD3BC /* ScheduleSupplementaryView.swift in Sources */ = {isa = PBXBuildFile; fileRef = 141A6DA72AC529EB004BD3BC /* ScheduleSupplementaryView.swift */; };
		141A6DB12AC529EC004BD3BC /* ScheduleCollectionView.swift in Sources */ = {isa = PBXBuildFile; fileRef = 141A6DA82AC529EB004BD3BC /* ScheduleCollectionView.swift */; };
		141A6DB22AC529EC004BD3BC /* ScheduleDataFetch.swift in Sources */ = {isa = PBXBuildFile; fileRef = 141A6DA92AC529EB004BD3BC /* ScheduleDataFetch.swift */; };
		141A6DB32AC529EC004BD3BC /* ScheduleSystemLarge.swift in Sources */ = {isa = PBXBuildFile; fileRef = 141A6DAA2AC529EB004BD3BC /* ScheduleSystemLarge.swift */; };
		141A6DB42AC529EC004BD3BC /* ScheduleTimelineEntry.swift in Sources */ = {isa = PBXBuildFile; fileRef = 141A6DAB2AC529EC004BD3BC /* ScheduleTimelineEntry.swift */; };
		141A6DB52AC529FC004BD3BC /* Constants.swift in Sources */ = {isa = PBXBuildFile; fileRef = 14622DCF2AA6FA8900D8D1E1 /* Constants.swift */; };
		141A6DB62AC529FF004BD3BC /* SwiftEX.swift in Sources */ = {isa = PBXBuildFile; fileRef = 14622E252AB2FE4000D8D1E1 /* SwiftEX.swift */; };
		141A6DB72AC52A02004BD3BC /* UIImageExtensions.swift in Sources */ = {isa = PBXBuildFile; fileRef = 148F56992ABBF2CF002FFE8A /* UIImageExtensions.swift */; };
		141A6DB82AC52A04004BD3BC /* UIColor+Theme.swift in Sources */ = {isa = PBXBuildFile; fileRef = 14622DB12AA5ED1D00D8D1E1 /* UIColor+Theme.swift */; };
		141A6DB92AC52A1B004BD3BC /* ScheduleMaping.swift in Sources */ = {isa = PBXBuildFile; fileRef = 14622E0F2AB0478500D8D1E1 /* ScheduleMaping.swift */; };
		141A6DBA2AC52A1E004BD3BC /* ScheduleCalModel.swift in Sources */ = {isa = PBXBuildFile; fileRef = 14622DE62AA8569C00D8D1E1 /* ScheduleCalModel.swift */; };
		141A6DBB2AC52A20004BD3BC /* ScheduleDrawType.swift in Sources */ = {isa = PBXBuildFile; fileRef = 14E37A072AC3FB82002687E6 /* ScheduleDrawType.swift */; };
		141A6DBC2AC52A23004BD3BC /* ScheduleModel.swift in Sources */ = {isa = PBXBuildFile; fileRef = 14622DE02AA844B100D8D1E1 /* ScheduleModel.swift */; };
		141A6DBD2AC52A25004BD3BC /* CurriculumModel.swift in Sources */ = {isa = PBXBuildFile; fileRef = 14622DDA2AA8303800D8D1E1 /* CurriculumModel.swift */; };
		141A6DBE2AC52A28004BD3BC /* SearchStudentModel.swift in Sources */ = {isa = PBXBuildFile; fileRef = 14622DDC2AA8411D00D8D1E1 /* SearchStudentModel.swift */; };
		141A6DBF2AC52BCC004BD3BC /* CacheManager.swift in Sources */ = {isa = PBXBuildFile; fileRef = 14622DD42AA825F300D8D1E1 /* CacheManager.swift */; };
		141A6DC02AC52BCE004BD3BC /* UserDefualtsManager.swift in Sources */ = {isa = PBXBuildFile; fileRef = 14622DFB2AA8B64100D8D1E1 /* UserDefualtsManager.swift */; };
		141A6DC12AC52BD9004BD3BC /* SessionManager.swift in Sources */ = {isa = PBXBuildFile; fileRef = 14622DBC2AA6BF0100D8D1E1 /* SessionManager.swift */; };
		141A6DC22AC52BDB004BD3BC /* HttpManager.swift in Sources */ = {isa = PBXBuildFile; fileRef = 14622DBE2AA6C3C900D8D1E1 /* HttpManager.swift */; };
		141A6DC32AC52BDE004BD3BC /* APIConfig.swift in Sources */ = {isa = PBXBuildFile; fileRef = 14622DC02AA6C8C100D8D1E1 /* APIConfig.swift */; };
		14396C722AC84FA300C21A2A /* FinderBannerView.swift in Sources */ = {isa = PBXBuildFile; fileRef = 14396C712AC84FA300C21A2A /* FinderBannerView.swift */; };
		14396C742AC8506000C21A2A /* FinderBannerCollectionViewCell.swift in Sources */ = {isa = PBXBuildFile; fileRef = 14396C732AC8506000C21A2A /* FinderBannerCollectionViewCell.swift */; };
		14396C772AC855C600C21A2A /* FinderBannerModel.swift in Sources */ = {isa = PBXBuildFile; fileRef = 14396C762AC855C600C21A2A /* FinderBannerModel.swift */; };
		143F701A2AA165C10048E264 /* AppDelegate.swift in Sources */ = {isa = PBXBuildFile; fileRef = 143F70192AA165C10048E264 /* AppDelegate.swift */; };
		143F701D2AA170030048E264 /* TabBarController.swift in Sources */ = {isa = PBXBuildFile; fileRef = 143F701C2AA170030048E264 /* TabBarController.swift */; };
		143F702F2AA4980C0048E264 /* TabBar.swift in Sources */ = {isa = PBXBuildFile; fileRef = 143F702E2AA4980C0048E264 /* TabBar.swift */; };
		143F70312AA4B9AE0048E264 /* TabBarHeaderView.swift in Sources */ = {isa = PBXBuildFile; fileRef = 143F70302AA4B9AE0048E264 /* TabBarHeaderView.swift */; };
		14622DB22AA5ED1D00D8D1E1 /* UIColor+Theme.swift in Sources */ = {isa = PBXBuildFile; fileRef = 14622DB12AA5ED1D00D8D1E1 /* UIColor+Theme.swift */; };
		14622DBD2AA6BF0100D8D1E1 /* SessionManager.swift in Sources */ = {isa = PBXBuildFile; fileRef = 14622DBC2AA6BF0100D8D1E1 /* SessionManager.swift */; };
		14622DBF2AA6C3C900D8D1E1 /* HttpManager.swift in Sources */ = {isa = PBXBuildFile; fileRef = 14622DBE2AA6C3C900D8D1E1 /* HttpManager.swift */; };
		14622DC12AA6C8C100D8D1E1 /* APIConfig.swift in Sources */ = {isa = PBXBuildFile; fileRef = 14622DC02AA6C8C100D8D1E1 /* APIConfig.swift */; };
		14622DC32AA6CF4E00D8D1E1 /* LaunchScreen.storyboard in Resources */ = {isa = PBXBuildFile; fileRef = 14622DC22AA6CF4E00D8D1E1 /* LaunchScreen.storyboard */; };
		14622DCB2AA6DC9100D8D1E1 /* FinderViewController.swift in Sources */ = {isa = PBXBuildFile; fileRef = 14622DCA2AA6DC9100D8D1E1 /* FinderViewController.swift */; };
		14622DCD2AA6DDFC00D8D1E1 /* UITabBarItem+TabBar.swift in Sources */ = {isa = PBXBuildFile; fileRef = 14622DCC2AA6DDFC00D8D1E1 /* UITabBarItem+TabBar.swift */; };
		14622DD02AA6FA8900D8D1E1 /* Constants.swift in Sources */ = {isa = PBXBuildFile; fileRef = 14622DCF2AA6FA8900D8D1E1 /* Constants.swift */; };
		14622DD22AA70C8800D8D1E1 /* UIButton+Cyxbs.swift in Sources */ = {isa = PBXBuildFile; fileRef = 14622DD12AA70C8800D8D1E1 /* UIButton+Cyxbs.swift */; };
		14622DD52AA825F300D8D1E1 /* CacheManager.swift in Sources */ = {isa = PBXBuildFile; fileRef = 14622DD42AA825F300D8D1E1 /* CacheManager.swift */; };
		14622DDB2AA8303800D8D1E1 /* CurriculumModel.swift in Sources */ = {isa = PBXBuildFile; fileRef = 14622DDA2AA8303800D8D1E1 /* CurriculumModel.swift */; };
		14622DDD2AA8411D00D8D1E1 /* SearchStudentModel.swift in Sources */ = {isa = PBXBuildFile; fileRef = 14622DDC2AA8411D00D8D1E1 /* SearchStudentModel.swift */; };
		14622DE12AA844B100D8D1E1 /* ScheduleModel.swift in Sources */ = {isa = PBXBuildFile; fileRef = 14622DE02AA844B100D8D1E1 /* ScheduleModel.swift */; };
		14622DE72AA8569C00D8D1E1 /* ScheduleCalModel.swift in Sources */ = {isa = PBXBuildFile; fileRef = 14622DE62AA8569C00D8D1E1 /* ScheduleCalModel.swift */; };
		14622DFC2AA8B64100D8D1E1 /* UserDefualtsManager.swift in Sources */ = {isa = PBXBuildFile; fileRef = 14622DFB2AA8B64100D8D1E1 /* UserDefualtsManager.swift */; };
		14622DFE2AA9FB8D00D8D1E1 /* UIView+Cyxbs.swift in Sources */ = {isa = PBXBuildFile; fileRef = 14622DFD2AA9FB8D00D8D1E1 /* UIView+Cyxbs.swift */; };
		14622E042AAB57A000D8D1E1 /* ScheduleCollectionViewCell.swift in Sources */ = {isa = PBXBuildFile; fileRef = 14622E032AAB57A000D8D1E1 /* ScheduleCollectionViewCell.swift */; };
		14622E062AAC05B500D8D1E1 /* ScheduleViewController.swift in Sources */ = {isa = PBXBuildFile; fileRef = 14622E052AAC05B500D8D1E1 /* ScheduleViewController.swift */; };
		14622E0C2AAEEA7F00D8D1E1 /* ScheduleCollectionViewLayout.swift in Sources */ = {isa = PBXBuildFile; fileRef = 14622E0B2AAEEA7F00D8D1E1 /* ScheduleCollectionViewLayout.swift */; };
		14622E0E2AAF1B9000D8D1E1 /* ScheduleFact.swift in Sources */ = {isa = PBXBuildFile; fileRef = 14622E0D2AAF1B9000D8D1E1 /* ScheduleFact.swift */; };
		14622E102AB0478500D8D1E1 /* ScheduleMaping.swift in Sources */ = {isa = PBXBuildFile; fileRef = 14622E0F2AB0478500D8D1E1 /* ScheduleMaping.swift */; };
		14622E1E2AB1F15D00D8D1E1 /* AliyunEmasServices-Info.plist in Resources */ = {isa = PBXBuildFile; fileRef = 14622E1C2AB1F14600D8D1E1 /* AliyunEmasServices-Info.plist */; };
		14622E222AB2850900D8D1E1 /* AliyunConfig.m in Sources */ = {isa = PBXBuildFile; fileRef = 14622E212AB2850900D8D1E1 /* AliyunConfig.m */; };
		14622E242AB2AB5600D8D1E1 /* ScheduleInteractionFact.swift in Sources */ = {isa = PBXBuildFile; fileRef = 14622E232AB2AB5600D8D1E1 /* ScheduleInteractionFact.swift */; };
		14622E262AB2FE4000D8D1E1 /* SwiftEX.swift in Sources */ = {isa = PBXBuildFile; fileRef = 14622E252AB2FE4000D8D1E1 /* SwiftEX.swift */; };
		14622E2C2AB4295C00D8D1E1 /* PodEX.swift in Sources */ = {isa = PBXBuildFile; fileRef = 14622E2B2AB4295C00D8D1E1 /* PodEX.swift */; };
		14622E472AB47CCC00D8D1E1 /* CarnieViewController.swift in Sources */ = {isa = PBXBuildFile; fileRef = 14622E462AB47CCC00D8D1E1 /* CarnieViewController.swift */; };
		14622E4B2AB48B3E00D8D1E1 /* FinderHeaderView.swift in Sources */ = {isa = PBXBuildFile; fileRef = 14622E4A2AB48B3E00D8D1E1 /* FinderHeaderView.swift */; };
		14622E4D2AB7E3ED00D8D1E1 /* TabBarPresentationViewController.swift in Sources */ = {isa = PBXBuildFile; fileRef = 14622E4C2AB7E3ED00D8D1E1 /* TabBarPresentationViewController.swift */; };
		14622E4F2AB81EE500D8D1E1 /* PlaceholderCollectionViewCell.swift in Sources */ = {isa = PBXBuildFile; fileRef = 14622E4E2AB81EE500D8D1E1 /* PlaceholderCollectionViewCell.swift */; };
		14622E8D2AB823B900D8D1E1 /* CyxbsMobile2019_iOSTests.swift in Sources */ = {isa = PBXBuildFile; fileRef = 14622E8C2AB823B900D8D1E1 /* CyxbsMobile2019_iOSTests.swift */; };
		14622E8F2AB8241800D8D1E1 /* CyxbsMobile2019_iOSUITests.swift in Sources */ = {isa = PBXBuildFile; fileRef = 14622E8E2AB8241800D8D1E1 /* CyxbsMobile2019_iOSUITests.swift */; };
		14622E912AB8249400D8D1E1 /* CyxbsMobile2019_iOSUITestsLaunchTests.swift in Sources */ = {isa = PBXBuildFile; fileRef = 14622E902AB8249400D8D1E1 /* CyxbsMobile2019_iOSUITestsLaunchTests.swift */; };
		14622E932AB83F7800D8D1E1 /* ScheduleHeaderView.swift in Sources */ = {isa = PBXBuildFile; fileRef = 14622E922AB83F7800D8D1E1 /* ScheduleHeaderView.swift */; };
		1472633A2ABA867000FB9739 /* MineViewController.swift in Sources */ = {isa = PBXBuildFile; fileRef = 147263392ABA867000FB9739 /* MineViewController.swift */; };
		148F568D2ABAD13C002FFE8A /* ScheduleSelectSectionHeaderView.swift in Sources */ = {isa = PBXBuildFile; fileRef = 148F568C2ABAD13C002FFE8A /* ScheduleSelectSectionHeaderView.swift */; };
		148F56922ABB26F1002FFE8A /* ScheduleDetailsViewController.swift in Sources */ = {isa = PBXBuildFile; fileRef = 148F56912ABB26F1002FFE8A /* ScheduleDetailsViewController.swift */; };
		148F56942ABB2758002FFE8A /* ScheduleDetailTableHeaderView.swift in Sources */ = {isa = PBXBuildFile; fileRef = 148F56932ABB2758002FFE8A /* ScheduleDetailTableHeaderView.swift */; };
		148F56962ABB2789002FFE8A /* ScheduleDetailCollectionViewCell.swift in Sources */ = {isa = PBXBuildFile; fileRef = 148F56952ABB2789002FFE8A /* ScheduleDetailCollectionViewCell.swift */; };
		148F56982ABB279E002FFE8A /* ScheduleDetailMessageTableViewCell.swift in Sources */ = {isa = PBXBuildFile; fileRef = 148F56972ABB279E002FFE8A /* ScheduleDetailMessageTableViewCell.swift */; };
		148F569A2ABBF2CF002FFE8A /* UIImageExtensions.swift in Sources */ = {isa = PBXBuildFile; fileRef = 148F56992ABBF2CF002FFE8A /* UIImageExtensions.swift */; };
		14B46B692ABD7BC20068EB26 /* LoginViewController.swift in Sources */ = {isa = PBXBuildFile; fileRef = 14B46B682ABD7BC20068EB26 /* LoginViewController.swift */; };
		14B46B6B2ABDA84C0068EB26 /* BaseTextFiledViewController.swift in Sources */ = {isa = PBXBuildFile; fileRef = 14B46B6A2ABDA84C0068EB26 /* BaseTextFiledViewController.swift */; };
		14B46B6D2ABE8D220068EB26 /* BaseAgreementView.swift in Sources */ = {isa = PBXBuildFile; fileRef = 14B46B6C2ABE8D220068EB26 /* BaseAgreementView.swift */; };
		14B46B712AC1278A0068EB26 /* 掌上重邮用户协议.md in Resources */ = {isa = PBXBuildFile; fileRef = 14B46B702AC1278A0068EB26 /* 掌上重邮用户协议.md */; };
		14B46B732AC127D60068EB26 /* MarkDownViewController.swift in Sources */ = {isa = PBXBuildFile; fileRef = 14B46B722AC127D60068EB26 /* MarkDownViewController.swift */; };
		14B73F27281BE6C200D08ADD /* Assets.xcassets in Resources */ = {isa = PBXBuildFile; fileRef = 14B73F26281BE6C200D08ADD /* Assets.xcassets */; };
		14E060DA2AC52EBA009C4F28 /* ViewEX.swift in Sources */ = {isa = PBXBuildFile; fileRef = 14E060D82AC52E6A009C4F28 /* ViewEX.swift */; };
		14E37A082AC3FB82002687E6 /* ScheduleDrawType.swift in Sources */ = {isa = PBXBuildFile; fileRef = 14E37A072AC3FB82002687E6 /* ScheduleDrawType.swift */; };
		14E6D1CB2AC820E4006D7695 /* BaseButton.swift in Sources */ = {isa = PBXBuildFile; fileRef = 14E6D1CA2AC820E4006D7695 /* BaseButton.swift */; };
		14E6D1CC2AC8245D006D7695 /* ScheduleDataFetch.swift in Sources */ = {isa = PBXBuildFile; fileRef = 141A6DA92AC529EB004BD3BC /* ScheduleDataFetch.swift */; };
		14F948812ACA76F300B2C260 /* FinderToolsView.swift in Sources */ = {isa = PBXBuildFile; fileRef = 14F948802ACA76F300B2C260 /* FinderToolsView.swift */; };
		422CF3805443B1407127C4C6 /* Pods_CyxbsMobile2019_iOS.framework in Frameworks */ = {isa = PBXBuildFile; fileRef = 378D8784FAA6107B09468EAA /* Pods_CyxbsMobile2019_iOS.framework */; };
		AF384D00E7E0D2E22EE4A767 /* Pods_CyxbsWidgetExtension.framework in Frameworks */ = {isa = PBXBuildFile; fileRef = 701221C72D1D0714CBC99B62 /* Pods_CyxbsWidgetExtension.framework */; };
		D09081DA23F4571B00D5342D /* UserNotifications.framework in Frameworks */ = {isa = PBXBuildFile; fileRef = D09081D923F4571B00D5342D /* UserNotifications.framework */; };
/* End PBXBuildFile section */

/* Begin PBXContainerItemProxy section */
		141A6D9A2AC52810004BD3BC /* PBXContainerItemProxy */ = {
			isa = PBXContainerItemProxy;
			containerPortal = 1A9B765F235F50A600725937 /* Project object */;
			proxyType = 1;
			remoteGlobalIDString = 141A6D8A2AC5280F004BD3BC;
			remoteInfo = CyxbsWidgetExtension;
		};
		1A9B7680235F50A900725937 /* PBXContainerItemProxy */ = {
			isa = PBXContainerItemProxy;
			containerPortal = 1A9B765F235F50A600725937 /* Project object */;
			proxyType = 1;
			remoteGlobalIDString = 1A9B7666235F50A600725937;
			remoteInfo = CyxbsMobile2019_iOS;
		};
		1A9B768B235F50A900725937 /* PBXContainerItemProxy */ = {
			isa = PBXContainerItemProxy;
			containerPortal = 1A9B765F235F50A600725937 /* Project object */;
			proxyType = 1;
			remoteGlobalIDString = 1A9B7666235F50A600725937;
			remoteInfo = CyxbsMobile2019_iOS;
		};
/* End PBXContainerItemProxy section */

/* Begin PBXCopyFilesBuildPhase section */
		14076D432AC2950500E2F1D0 /* Embed Foundation Extensions */ = {
			isa = PBXCopyFilesBuildPhase;
			buildActionMask = 2147483647;
			dstPath = "";
			dstSubfolderSpec = 13;
			files = (
				141A6D9C2AC52810004BD3BC /* CyxbsWidgetExtension.appex in Embed Foundation Extensions */,
			);
			name = "Embed Foundation Extensions";
			runOnlyForDeploymentPostprocessing = 0;
		};
/* End PBXCopyFilesBuildPhase section */

/* Begin PBXFileReference section */
		069EB06A9F0E97D05D881478 /* Pods-CyxbsWidgetExtension.debug.xcconfig */ = {isa = PBXFileReference; includeInIndex = 1; lastKnownFileType = text.xcconfig; name = "Pods-CyxbsWidgetExtension.debug.xcconfig"; path = "Target Support Files/Pods-CyxbsWidgetExtension/Pods-CyxbsWidgetExtension.debug.xcconfig"; sourceTree = "<group>"; };
		14076D302AC2950400E2F1D0 /* WidgetKit.framework */ = {isa = PBXFileReference; lastKnownFileType = wrapper.framework; name = WidgetKit.framework; path = System/Library/Frameworks/WidgetKit.framework; sourceTree = SDKROOT; };
		14076D322AC2950400E2F1D0 /* SwiftUI.framework */ = {isa = PBXFileReference; lastKnownFileType = wrapper.framework; name = SwiftUI.framework; path = System/Library/Frameworks/SwiftUI.framework; sourceTree = SDKROOT; };
		14076D482AC295E800E2F1D0 /* ConstantsUIKit.swift */ = {isa = PBXFileReference; lastKnownFileType = sourcecode.swift; path = ConstantsUIKit.swift; sourceTree = "<group>"; };
		1411F4042AC8FD1E005E0821 /* FinderTools */ = {isa = PBXFileReference; fileEncoding = 4; lastKnownFileType = text; path = FinderTools; sourceTree = "<group>"; };
		1411F4062ACA3343005E0821 /* FinderNewsView.swift */ = {isa = PBXFileReference; lastKnownFileType = sourcecode.swift; path = FinderNewsView.swift; sourceTree = "<group>"; };
		1411F40A2ACA6327005E0821 /* FinderNewsModel.swift */ = {isa = PBXFileReference; lastKnownFileType = sourcecode.swift; path = FinderNewsModel.swift; sourceTree = "<group>"; };
		1411F40C2ACA63FF005E0821 /* FinderNewsCollectionViewCell.swift */ = {isa = PBXFileReference; lastKnownFileType = sourcecode.swift; path = FinderNewsCollectionViewCell.swift; sourceTree = "<group>"; };
		141A6D832AC4641B004BD3BC /* TokenModel.swift */ = {isa = PBXFileReference; lastKnownFileType = sourcecode.swift; path = TokenModel.swift; sourceTree = "<group>"; };
		141A6D852AC517DE004BD3BC /* UIAlterControllerFast.swift */ = {isa = PBXFileReference; lastKnownFileType = sourcecode.swift; path = UIAlterControllerFast.swift; sourceTree = "<group>"; };
		141A6D8B2AC5280F004BD3BC /* CyxbsWidgetExtension.appex */ = {isa = PBXFileReference; explicitFileType = "wrapper.app-extension"; includeInIndex = 0; path = CyxbsWidgetExtension.appex; sourceTree = BUILT_PRODUCTS_DIR; };
		141A6D8F2AC5280F004BD3BC /* CyxbsWidgetBundle.swift */ = {isa = PBXFileReference; lastKnownFileType = sourcecode.swift; path = CyxbsWidgetBundle.swift; sourceTree = "<group>"; };
		141A6D912AC5280F004BD3BC /* CyxbsWidgetLiveActivity.swift */ = {isa = PBXFileReference; lastKnownFileType = sourcecode.swift; path = CyxbsWidgetLiveActivity.swift; sourceTree = "<group>"; };
		141A6D932AC5280F004BD3BC /* CyxbsWidget.swift */ = {isa = PBXFileReference; lastKnownFileType = sourcecode.swift; path = CyxbsWidget.swift; sourceTree = "<group>"; };
		141A6D952AC5280F004BD3BC /* AppIntent.swift */ = {isa = PBXFileReference; lastKnownFileType = sourcecode.swift; path = AppIntent.swift; sourceTree = "<group>"; };
		141A6D972AC52810004BD3BC /* Assets.xcassets */ = {isa = PBXFileReference; lastKnownFileType = folder.assetcatalog; path = Assets.xcassets; sourceTree = "<group>"; };
		141A6D992AC52810004BD3BC /* Info.plist */ = {isa = PBXFileReference; lastKnownFileType = text.plist.xml; path = Info.plist; sourceTree = "<group>"; };
		141A6DA02AC52833004BD3BC /* CyxbsWidget.intentdefinition */ = {isa = PBXFileReference; fileEncoding = 4; lastKnownFileType = file.intentdefinition; path = CyxbsWidget.intentdefinition; sourceTree = "<group>"; };
		141A6DA22AC529EB004BD3BC /* ScheduleWidget.swift */ = {isa = PBXFileReference; fileEncoding = 4; lastKnownFileType = sourcecode.swift; path = ScheduleWidget.swift; sourceTree = "<group>"; };
		141A6DA32AC529EB004BD3BC /* ScheduleProvider.swift */ = {isa = PBXFileReference; fileEncoding = 4; lastKnownFileType = sourcecode.swift; path = ScheduleProvider.swift; sourceTree = "<group>"; };
		141A6DA42AC529EB004BD3BC /* ScheduleWidgetEntryView.swift */ = {isa = PBXFileReference; fileEncoding = 4; lastKnownFileType = sourcecode.swift; path = ScheduleWidgetEntryView.swift; sourceTree = "<group>"; };
		141A6DA52AC529EB004BD3BC /* sno2021215154.data */ = {isa = PBXFileReference; fileEncoding = 4; lastKnownFileType = text; path = sno2021215154.data; sourceTree = "<group>"; };
		141A6DA72AC529EB004BD3BC /* ScheduleSupplementaryView.swift */ = {isa = PBXFileReference; fileEncoding = 4; lastKnownFileType = sourcecode.swift; path = ScheduleSupplementaryView.swift; sourceTree = "<group>"; };
		141A6DA82AC529EB004BD3BC /* ScheduleCollectionView.swift */ = {isa = PBXFileReference; fileEncoding = 4; lastKnownFileType = sourcecode.swift; path = ScheduleCollectionView.swift; sourceTree = "<group>"; };
		141A6DA92AC529EB004BD3BC /* ScheduleDataFetch.swift */ = {isa = PBXFileReference; fileEncoding = 4; lastKnownFileType = sourcecode.swift; path = ScheduleDataFetch.swift; sourceTree = "<group>"; };
		141A6DAA2AC529EB004BD3BC /* ScheduleSystemLarge.swift */ = {isa = PBXFileReference; fileEncoding = 4; lastKnownFileType = sourcecode.swift; path = ScheduleSystemLarge.swift; sourceTree = "<group>"; };
		141A6DAB2AC529EC004BD3BC /* ScheduleTimelineEntry.swift */ = {isa = PBXFileReference; fileEncoding = 4; lastKnownFileType = sourcecode.swift; path = ScheduleTimelineEntry.swift; sourceTree = "<group>"; };
		14396C712AC84FA300C21A2A /* FinderBannerView.swift */ = {isa = PBXFileReference; lastKnownFileType = sourcecode.swift; path = FinderBannerView.swift; sourceTree = "<group>"; };
		14396C732AC8506000C21A2A /* FinderBannerCollectionViewCell.swift */ = {isa = PBXFileReference; lastKnownFileType = sourcecode.swift; path = FinderBannerCollectionViewCell.swift; sourceTree = "<group>"; };
		14396C762AC855C600C21A2A /* FinderBannerModel.swift */ = {isa = PBXFileReference; lastKnownFileType = sourcecode.swift; path = FinderBannerModel.swift; sourceTree = "<group>"; };
		143F70192AA165C10048E264 /* AppDelegate.swift */ = {isa = PBXFileReference; lastKnownFileType = sourcecode.swift; path = AppDelegate.swift; sourceTree = "<group>"; };
		143F701C2AA170030048E264 /* TabBarController.swift */ = {isa = PBXFileReference; lastKnownFileType = sourcecode.swift; path = TabBarController.swift; sourceTree = "<group>"; };
		143F702E2AA4980C0048E264 /* TabBar.swift */ = {isa = PBXFileReference; lastKnownFileType = sourcecode.swift; path = TabBar.swift; sourceTree = "<group>"; };
		143F70302AA4B9AE0048E264 /* TabBarHeaderView.swift */ = {isa = PBXFileReference; lastKnownFileType = sourcecode.swift; path = TabBarHeaderView.swift; sourceTree = "<group>"; };
		14622DB12AA5ED1D00D8D1E1 /* UIColor+Theme.swift */ = {isa = PBXFileReference; lastKnownFileType = sourcecode.swift; path = "UIColor+Theme.swift"; sourceTree = "<group>"; };
		14622DB72AA60FD700D8D1E1 /* 掌邮工具类.md */ = {isa = PBXFileReference; fileEncoding = 4; lastKnownFileType = net.daringfireball.markdown; path = "掌邮工具类.md"; sourceTree = "<group>"; };
		14622DBC2AA6BF0100D8D1E1 /* SessionManager.swift */ = {isa = PBXFileReference; lastKnownFileType = sourcecode.swift; path = SessionManager.swift; sourceTree = "<group>"; };
		14622DBE2AA6C3C900D8D1E1 /* HttpManager.swift */ = {isa = PBXFileReference; lastKnownFileType = sourcecode.swift; path = HttpManager.swift; sourceTree = "<group>"; };
		14622DC02AA6C8C100D8D1E1 /* APIConfig.swift */ = {isa = PBXFileReference; lastKnownFileType = sourcecode.swift; path = APIConfig.swift; sourceTree = "<group>"; };
		14622DC22AA6CF4E00D8D1E1 /* LaunchScreen.storyboard */ = {isa = PBXFileReference; fileEncoding = 4; lastKnownFileType = file.storyboard; path = LaunchScreen.storyboard; sourceTree = "<group>"; };
		14622DCA2AA6DC9100D8D1E1 /* FinderViewController.swift */ = {isa = PBXFileReference; lastKnownFileType = sourcecode.swift; path = FinderViewController.swift; sourceTree = "<group>"; };
		14622DCC2AA6DDFC00D8D1E1 /* UITabBarItem+TabBar.swift */ = {isa = PBXFileReference; lastKnownFileType = sourcecode.swift; path = "UITabBarItem+TabBar.swift"; sourceTree = "<group>"; };
		14622DCF2AA6FA8900D8D1E1 /* Constants.swift */ = {isa = PBXFileReference; lastKnownFileType = sourcecode.swift; path = Constants.swift; sourceTree = "<group>"; };
		14622DD12AA70C8800D8D1E1 /* UIButton+Cyxbs.swift */ = {isa = PBXFileReference; lastKnownFileType = sourcecode.swift; path = "UIButton+Cyxbs.swift"; sourceTree = "<group>"; };
		14622DD42AA825F300D8D1E1 /* CacheManager.swift */ = {isa = PBXFileReference; lastKnownFileType = sourcecode.swift; path = CacheManager.swift; sourceTree = "<group>"; };
		14622DDA2AA8303800D8D1E1 /* CurriculumModel.swift */ = {isa = PBXFileReference; lastKnownFileType = sourcecode.swift; path = CurriculumModel.swift; sourceTree = "<group>"; };
		14622DDC2AA8411D00D8D1E1 /* SearchStudentModel.swift */ = {isa = PBXFileReference; lastKnownFileType = sourcecode.swift; path = SearchStudentModel.swift; sourceTree = "<group>"; };
		14622DE02AA844B100D8D1E1 /* ScheduleModel.swift */ = {isa = PBXFileReference; lastKnownFileType = sourcecode.swift; path = ScheduleModel.swift; sourceTree = "<group>"; };
		14622DE62AA8569C00D8D1E1 /* ScheduleCalModel.swift */ = {isa = PBXFileReference; lastKnownFileType = sourcecode.swift; path = ScheduleCalModel.swift; sourceTree = "<group>"; };
		14622DFB2AA8B64100D8D1E1 /* UserDefualtsManager.swift */ = {isa = PBXFileReference; lastKnownFileType = sourcecode.swift; path = UserDefualtsManager.swift; sourceTree = "<group>"; };
		14622DFD2AA9FB8D00D8D1E1 /* UIView+Cyxbs.swift */ = {isa = PBXFileReference; lastKnownFileType = sourcecode.swift; path = "UIView+Cyxbs.swift"; sourceTree = "<group>"; };
		14622E032AAB57A000D8D1E1 /* ScheduleCollectionViewCell.swift */ = {isa = PBXFileReference; lastKnownFileType = sourcecode.swift; path = ScheduleCollectionViewCell.swift; sourceTree = "<group>"; };
		14622E052AAC05B500D8D1E1 /* ScheduleViewController.swift */ = {isa = PBXFileReference; lastKnownFileType = sourcecode.swift; path = ScheduleViewController.swift; sourceTree = "<group>"; };
		14622E0B2AAEEA7F00D8D1E1 /* ScheduleCollectionViewLayout.swift */ = {isa = PBXFileReference; lastKnownFileType = sourcecode.swift; path = ScheduleCollectionViewLayout.swift; sourceTree = "<group>"; };
		14622E0D2AAF1B9000D8D1E1 /* ScheduleFact.swift */ = {isa = PBXFileReference; lastKnownFileType = sourcecode.swift; path = ScheduleFact.swift; sourceTree = "<group>"; };
		14622E0F2AB0478500D8D1E1 /* ScheduleMaping.swift */ = {isa = PBXFileReference; lastKnownFileType = sourcecode.swift; path = ScheduleMaping.swift; sourceTree = "<group>"; };
		14622E1C2AB1F14600D8D1E1 /* AliyunEmasServices-Info.plist */ = {isa = PBXFileReference; fileEncoding = 4; lastKnownFileType = text.plist.xml; path = "AliyunEmasServices-Info.plist"; sourceTree = "<group>"; };
		14622E1F2AB2850800D8D1E1 /* CyxbsMobile2019_iOS-Bridging-Header.h */ = {isa = PBXFileReference; lastKnownFileType = sourcecode.c.h; path = "CyxbsMobile2019_iOS-Bridging-Header.h"; sourceTree = "<group>"; };
		14622E202AB2850900D8D1E1 /* AliyunConfig.h */ = {isa = PBXFileReference; lastKnownFileType = sourcecode.c.h; path = AliyunConfig.h; sourceTree = "<group>"; };
		14622E212AB2850900D8D1E1 /* AliyunConfig.m */ = {isa = PBXFileReference; lastKnownFileType = sourcecode.c.objc; path = AliyunConfig.m; sourceTree = "<group>"; };
		14622E232AB2AB5600D8D1E1 /* ScheduleInteractionFact.swift */ = {isa = PBXFileReference; lastKnownFileType = sourcecode.swift; path = ScheduleInteractionFact.swift; sourceTree = "<group>"; };
		14622E252AB2FE4000D8D1E1 /* SwiftEX.swift */ = {isa = PBXFileReference; lastKnownFileType = sourcecode.swift; path = SwiftEX.swift; sourceTree = "<group>"; };
		14622E2B2AB4295C00D8D1E1 /* PodEX.swift */ = {isa = PBXFileReference; lastKnownFileType = sourcecode.swift; path = PodEX.swift; sourceTree = "<group>"; };
		14622E462AB47CCC00D8D1E1 /* CarnieViewController.swift */ = {isa = PBXFileReference; lastKnownFileType = sourcecode.swift; path = CarnieViewController.swift; sourceTree = "<group>"; };
		14622E4A2AB48B3E00D8D1E1 /* FinderHeaderView.swift */ = {isa = PBXFileReference; lastKnownFileType = sourcecode.swift; path = FinderHeaderView.swift; sourceTree = "<group>"; };
		14622E4C2AB7E3ED00D8D1E1 /* TabBarPresentationViewController.swift */ = {isa = PBXFileReference; lastKnownFileType = sourcecode.swift; path = TabBarPresentationViewController.swift; sourceTree = "<group>"; };
		14622E4E2AB81EE500D8D1E1 /* PlaceholderCollectionViewCell.swift */ = {isa = PBXFileReference; lastKnownFileType = sourcecode.swift; path = PlaceholderCollectionViewCell.swift; sourceTree = "<group>"; };
		14622E8C2AB823B900D8D1E1 /* CyxbsMobile2019_iOSTests.swift */ = {isa = PBXFileReference; lastKnownFileType = sourcecode.swift; path = CyxbsMobile2019_iOSTests.swift; sourceTree = "<group>"; };
		14622E8E2AB8241800D8D1E1 /* CyxbsMobile2019_iOSUITests.swift */ = {isa = PBXFileReference; lastKnownFileType = sourcecode.swift; path = CyxbsMobile2019_iOSUITests.swift; sourceTree = "<group>"; };
		14622E902AB8249400D8D1E1 /* CyxbsMobile2019_iOSUITestsLaunchTests.swift */ = {isa = PBXFileReference; lastKnownFileType = sourcecode.swift; path = CyxbsMobile2019_iOSUITestsLaunchTests.swift; sourceTree = "<group>"; };
		14622E922AB83F7800D8D1E1 /* ScheduleHeaderView.swift */ = {isa = PBXFileReference; lastKnownFileType = sourcecode.swift; path = ScheduleHeaderView.swift; sourceTree = "<group>"; };
		147234712AC5345F00E1B502 /* CyxbsWidgetExtension.entitlements */ = {isa = PBXFileReference; lastKnownFileType = text.plist.entitlements; path = CyxbsWidgetExtension.entitlements; sourceTree = "<group>"; };
		147263392ABA867000FB9739 /* MineViewController.swift */ = {isa = PBXFileReference; lastKnownFileType = sourcecode.swift; path = MineViewController.swift; sourceTree = "<group>"; };
		148F568C2ABAD13C002FFE8A /* ScheduleSelectSectionHeaderView.swift */ = {isa = PBXFileReference; lastKnownFileType = sourcecode.swift; path = ScheduleSelectSectionHeaderView.swift; sourceTree = "<group>"; };
		148F56912ABB26F1002FFE8A /* ScheduleDetailsViewController.swift */ = {isa = PBXFileReference; lastKnownFileType = sourcecode.swift; path = ScheduleDetailsViewController.swift; sourceTree = "<group>"; };
		148F56932ABB2758002FFE8A /* ScheduleDetailTableHeaderView.swift */ = {isa = PBXFileReference; lastKnownFileType = sourcecode.swift; path = ScheduleDetailTableHeaderView.swift; sourceTree = "<group>"; };
		148F56952ABB2789002FFE8A /* ScheduleDetailCollectionViewCell.swift */ = {isa = PBXFileReference; lastKnownFileType = sourcecode.swift; path = ScheduleDetailCollectionViewCell.swift; sourceTree = "<group>"; };
		148F56972ABB279E002FFE8A /* ScheduleDetailMessageTableViewCell.swift */ = {isa = PBXFileReference; lastKnownFileType = sourcecode.swift; path = ScheduleDetailMessageTableViewCell.swift; sourceTree = "<group>"; };
		148F56992ABBF2CF002FFE8A /* UIImageExtensions.swift */ = {isa = PBXFileReference; fileEncoding = 4; lastKnownFileType = sourcecode.swift; path = UIImageExtensions.swift; sourceTree = "<group>"; };
		14B46B682ABD7BC20068EB26 /* LoginViewController.swift */ = {isa = PBXFileReference; lastKnownFileType = sourcecode.swift; path = LoginViewController.swift; sourceTree = "<group>"; };
		14B46B6A2ABDA84C0068EB26 /* BaseTextFiledViewController.swift */ = {isa = PBXFileReference; lastKnownFileType = sourcecode.swift; path = BaseTextFiledViewController.swift; sourceTree = "<group>"; };
		14B46B6C2ABE8D220068EB26 /* BaseAgreementView.swift */ = {isa = PBXFileReference; lastKnownFileType = sourcecode.swift; path = BaseAgreementView.swift; sourceTree = "<group>"; };
		14B46B702AC1278A0068EB26 /* 掌上重邮用户协议.md */ = {isa = PBXFileReference; fileEncoding = 4; lastKnownFileType = net.daringfireball.markdown; path = "掌上重邮用户协议.md"; sourceTree = "<group>"; };
		14B46B722AC127D60068EB26 /* MarkDownViewController.swift */ = {isa = PBXFileReference; lastKnownFileType = sourcecode.swift; path = MarkDownViewController.swift; sourceTree = "<group>"; };
		14B73F26281BE6C200D08ADD /* Assets.xcassets */ = {isa = PBXFileReference; lastKnownFileType = folder.assetcatalog; path = Assets.xcassets; sourceTree = "<group>"; };
		14E060D82AC52E6A009C4F28 /* ViewEX.swift */ = {isa = PBXFileReference; lastKnownFileType = sourcecode.swift; path = ViewEX.swift; sourceTree = "<group>"; };
		14E37A072AC3FB82002687E6 /* ScheduleDrawType.swift */ = {isa = PBXFileReference; lastKnownFileType = sourcecode.swift; path = ScheduleDrawType.swift; sourceTree = "<group>"; };
		14E6D1CA2AC820E4006D7695 /* BaseButton.swift */ = {isa = PBXFileReference; lastKnownFileType = sourcecode.swift; path = BaseButton.swift; sourceTree = "<group>"; };
		14F948802ACA76F300B2C260 /* FinderToolsView.swift */ = {isa = PBXFileReference; lastKnownFileType = sourcecode.swift; path = FinderToolsView.swift; sourceTree = "<group>"; };
		1A9B7667235F50A600725937 /* 掌上重邮.app */ = {isa = PBXFileReference; explicitFileType = wrapper.application; includeInIndex = 0; path = "掌上重邮.app"; sourceTree = BUILT_PRODUCTS_DIR; };
		1A9B7678235F50A800725937 /* Info.plist */ = {isa = PBXFileReference; lastKnownFileType = text.plist.xml; path = Info.plist; sourceTree = "<group>"; };
		1A9B767F235F50A900725937 /* CyxbsMobile2019_iOSTests.xctest */ = {isa = PBXFileReference; explicitFileType = wrapper.cfbundle; includeInIndex = 0; path = CyxbsMobile2019_iOSTests.xctest; sourceTree = BUILT_PRODUCTS_DIR; };
		1A9B768A235F50A900725937 /* CyxbsMobile2019_iOSUITests.xctest */ = {isa = PBXFileReference; explicitFileType = wrapper.cfbundle; includeInIndex = 0; path = CyxbsMobile2019_iOSUITests.xctest; sourceTree = BUILT_PRODUCTS_DIR; };
		378D8784FAA6107B09468EAA /* Pods_CyxbsMobile2019_iOS.framework */ = {isa = PBXFileReference; explicitFileType = wrapper.framework; includeInIndex = 0; path = Pods_CyxbsMobile2019_iOS.framework; sourceTree = BUILT_PRODUCTS_DIR; };
		6F3D5CAF0787713C5281B516 /* Pods-CyxbsMobile2019_iOS.debug.xcconfig */ = {isa = PBXFileReference; includeInIndex = 1; lastKnownFileType = text.xcconfig; name = "Pods-CyxbsMobile2019_iOS.debug.xcconfig"; path = "Target Support Files/Pods-CyxbsMobile2019_iOS/Pods-CyxbsMobile2019_iOS.debug.xcconfig"; sourceTree = "<group>"; };
		701221C72D1D0714CBC99B62 /* Pods_CyxbsWidgetExtension.framework */ = {isa = PBXFileReference; explicitFileType = wrapper.framework; includeInIndex = 0; path = Pods_CyxbsWidgetExtension.framework; sourceTree = BUILT_PRODUCTS_DIR; };
		7C6235D9C236ED093C954CF9 /* Pods-CyxbsWidgetExtension.release.xcconfig */ = {isa = PBXFileReference; includeInIndex = 1; lastKnownFileType = text.xcconfig; name = "Pods-CyxbsWidgetExtension.release.xcconfig"; path = "Target Support Files/Pods-CyxbsWidgetExtension/Pods-CyxbsWidgetExtension.release.xcconfig"; sourceTree = "<group>"; };
		AA0DEF692668C88D00284112 /* 掌邮工具类.md */ = {isa = PBXFileReference; fileEncoding = 4; lastKnownFileType = net.daringfireball.markdown; path = "掌邮工具类.md"; sourceTree = "<group>"; usesTabs = 0; };
		D09081D923F4571B00D5342D /* UserNotifications.framework */ = {isa = PBXFileReference; lastKnownFileType = wrapper.framework; name = UserNotifications.framework; path = System/Library/Frameworks/UserNotifications.framework; sourceTree = SDKROOT; };
		D09081DB23F4573B00D5342D /* 掌上重邮.entitlements */ = {isa = PBXFileReference; lastKnownFileType = text.plist.entitlements; path = "掌上重邮.entitlements"; sourceTree = "<group>"; };
		F1ED110FF9C783A1A3234FBE /* Pods-CyxbsMobile2019_iOS.release.xcconfig */ = {isa = PBXFileReference; includeInIndex = 1; lastKnownFileType = text.xcconfig; name = "Pods-CyxbsMobile2019_iOS.release.xcconfig"; path = "Target Support Files/Pods-CyxbsMobile2019_iOS/Pods-CyxbsMobile2019_iOS.release.xcconfig"; sourceTree = "<group>"; };
/* End PBXFileReference section */

/* Begin PBXFrameworksBuildPhase section */
		141A6D882AC5280F004BD3BC /* Frameworks */ = {
			isa = PBXFrameworksBuildPhase;
			buildActionMask = 2147483647;
			files = (
				141A6D8D2AC5280F004BD3BC /* SwiftUI.framework in Frameworks */,
				141A6D8C2AC5280F004BD3BC /* WidgetKit.framework in Frameworks */,
				AF384D00E7E0D2E22EE4A767 /* Pods_CyxbsWidgetExtension.framework in Frameworks */,
			);
			runOnlyForDeploymentPostprocessing = 0;
		};
		1A9B7664235F50A600725937 /* Frameworks */ = {
			isa = PBXFrameworksBuildPhase;
			buildActionMask = 2147483647;
			files = (
				D09081DA23F4571B00D5342D /* UserNotifications.framework in Frameworks */,
				422CF3805443B1407127C4C6 /* Pods_CyxbsMobile2019_iOS.framework in Frameworks */,
			);
			runOnlyForDeploymentPostprocessing = 0;
		};
		1A9B767C235F50A900725937 /* Frameworks */ = {
			isa = PBXFrameworksBuildPhase;
			buildActionMask = 2147483647;
			files = (
			);
			runOnlyForDeploymentPostprocessing = 0;
		};
		1A9B7687235F50A900725937 /* Frameworks */ = {
			isa = PBXFrameworksBuildPhase;
			buildActionMask = 2147483647;
			files = (
			);
			runOnlyForDeploymentPostprocessing = 0;
		};
/* End PBXFrameworksBuildPhase section */

/* Begin PBXGroup section */
		14076D2A2AC2693200E2F1D0 /* Common */ = {
			isa = PBXGroup;
			children = (
				14B46B722AC127D60068EB26 /* MarkDownViewController.swift */,
				14B46B6C2ABE8D220068EB26 /* BaseAgreementView.swift */,
				14622E4E2AB81EE500D8D1E1 /* PlaceholderCollectionViewCell.swift */,
				14E6D1CA2AC820E4006D7695 /* BaseButton.swift */,
			);
			path = Common;
			sourceTree = "<group>";
		};
		1411F4082ACA62F2005E0821 /* Banner */ = {
			isa = PBXGroup;
			children = (
				14396C712AC84FA300C21A2A /* FinderBannerView.swift */,
				14396C732AC8506000C21A2A /* FinderBannerCollectionViewCell.swift */,
				14396C762AC855C600C21A2A /* FinderBannerModel.swift */,
			);
			path = Banner;
			sourceTree = "<group>";
		};
		1411F4092ACA6319005E0821 /* News */ = {
			isa = PBXGroup;
			children = (
				1411F4062ACA3343005E0821 /* FinderNewsView.swift */,
				1411F40C2ACA63FF005E0821 /* FinderNewsCollectionViewCell.swift */,
				1411F40A2ACA6327005E0821 /* FinderNewsModel.swift */,
			);
			path = News;
			sourceTree = "<group>";
		};
		141A6D822AC4640D004BD3BC /* Model */ = {
			isa = PBXGroup;
			children = (
				141A6D832AC4641B004BD3BC /* TokenModel.swift */,
			);
			path = Model;
			sourceTree = "<group>";
		};
		141A6D8E2AC5280F004BD3BC /* CyxbsWidget */ = {
			isa = PBXGroup;
			children = (
				141A6D8F2AC5280F004BD3BC /* CyxbsWidgetBundle.swift */,
				141A6D912AC5280F004BD3BC /* CyxbsWidgetLiveActivity.swift */,
				141A6D932AC5280F004BD3BC /* CyxbsWidget.swift */,
				141A6D952AC5280F004BD3BC /* AppIntent.swift */,
				141A6DA32AC529EB004BD3BC /* ScheduleProvider.swift */,
				141A6DAB2AC529EC004BD3BC /* ScheduleTimelineEntry.swift */,
				141A6DA22AC529EB004BD3BC /* ScheduleWidget.swift */,
				141A6DA42AC529EB004BD3BC /* ScheduleWidgetEntryView.swift */,
				141A6DA62AC529EB004BD3BC /* ScheduleSystemLarge */,
				141A6DA52AC529EB004BD3BC /* sno2021215154.data */,
				141A6DA02AC52833004BD3BC /* CyxbsWidget.intentdefinition */,
				141A6D972AC52810004BD3BC /* Assets.xcassets */,
				14E060D82AC52E6A009C4F28 /* ViewEX.swift */,
				141A6D992AC52810004BD3BC /* Info.plist */,
			);
			path = CyxbsWidget;
			sourceTree = "<group>";
		};
		141A6DA62AC529EB004BD3BC /* ScheduleSystemLarge */ = {
			isa = PBXGroup;
			children = (
				141A6DAA2AC529EB004BD3BC /* ScheduleSystemLarge.swift */,
				141A6DA72AC529EB004BD3BC /* ScheduleSupplementaryView.swift */,
				141A6DA82AC529EB004BD3BC /* ScheduleCollectionView.swift */,
			);
			path = ScheduleSystemLarge;
			sourceTree = "<group>";
		};
		143F701B2AA16FE40048E264 /* TabBar */ = {
			isa = PBXGroup;
			children = (
				143F701C2AA170030048E264 /* TabBarController.swift */,
				143F70302AA4B9AE0048E264 /* TabBarHeaderView.swift */,
				143F702E2AA4980C0048E264 /* TabBar.swift */,
				14622DCC2AA6DDFC00D8D1E1 /* UITabBarItem+TabBar.swift */,
				14622E4C2AB7E3ED00D8D1E1 /* TabBarPresentationViewController.swift */,
			);
			path = TabBar;
			sourceTree = "<group>";
		};
		14622DBB2AA6BE6600D8D1E1 /* NetWork */ = {
			isa = PBXGroup;
			children = (
				14622DBC2AA6BF0100D8D1E1 /* SessionManager.swift */,
				14622DBE2AA6C3C900D8D1E1 /* HttpManager.swift */,
				14622DC02AA6C8C100D8D1E1 /* APIConfig.swift */,
				14622E202AB2850900D8D1E1 /* AliyunConfig.h */,
				14622E212AB2850900D8D1E1 /* AliyunConfig.m */,
				14622E1C2AB1F14600D8D1E1 /* AliyunEmasServices-Info.plist */,
			);
			path = NetWork;
			sourceTree = "<group>";
		};
		14622DC62AA6DC7400D8D1E1 /* Mine */ = {
			isa = PBXGroup;
			children = (
				147263372ABA866000FB9739 /* ViewController */,
				147263382ABA866000FB9739 /* View */,
			);
			path = Mine;
			sourceTree = "<group>";
		};
		14622DC72AA6DC7400D8D1E1 /* Finder */ = {
			isa = PBXGroup;
			children = (
				14622DC92AA6DC7400D8D1E1 /* ViewController */,
				14622DC82AA6DC7400D8D1E1 /* Header */,
				1411F4082ACA62F2005E0821 /* Banner */,
				1411F4092ACA6319005E0821 /* News */,
				14F9487F2ACA76D800B2C260 /* Tools */,
			);
			path = Finder;
			sourceTree = "<group>";
		};
		14622DC82AA6DC7400D8D1E1 /* Header */ = {
			isa = PBXGroup;
			children = (
				14622E4A2AB48B3E00D8D1E1 /* FinderHeaderView.swift */,
			);
			path = Header;
			sourceTree = "<group>";
		};
		14622DC92AA6DC7400D8D1E1 /* ViewController */ = {
			isa = PBXGroup;
			children = (
				14622DCA2AA6DC9100D8D1E1 /* FinderViewController.swift */,
			);
			path = ViewController;
			sourceTree = "<group>";
		};
		14622DCE2AA6FA6100D8D1E1 /* Constants */ = {
			isa = PBXGroup;
			children = (
				14622DCF2AA6FA8900D8D1E1 /* Constants.swift */,
				14622E252AB2FE4000D8D1E1 /* SwiftEX.swift */,
				148F56992ABBF2CF002FFE8A /* UIImageExtensions.swift */,
				14622DB12AA5ED1D00D8D1E1 /* UIColor+Theme.swift */,
				14E379CA2AC3B7DC002687E6 /* UIKitEX */,
			);
			path = Constants;
			sourceTree = "<group>";
		};
		14622DD32AA825DB00D8D1E1 /* Cache */ = {
			isa = PBXGroup;
			children = (
				14622DD42AA825F300D8D1E1 /* CacheManager.swift */,
				14622DFB2AA8B64100D8D1E1 /* UserDefualtsManager.swift */,
			);
			path = Cache;
			sourceTree = "<group>";
		};
		14622DD62AA8287100D8D1E1 /* Curriculum */ = {
			isa = PBXGroup;
			children = (
				14622DD92AA8287200D8D1E1 /* ViewController */,
				14622DD82AA8287200D8D1E1 /* View */,
				14622DE42AA8567B00D8D1E1 /* Filter */,
				14622DD72AA8287200D8D1E1 /* Model */,
			);
			path = Curriculum;
			sourceTree = "<group>";
		};
		14622DD72AA8287200D8D1E1 /* Model */ = {
			isa = PBXGroup;
			children = (
				14622DE02AA844B100D8D1E1 /* ScheduleModel.swift */,
				14622DDA2AA8303800D8D1E1 /* CurriculumModel.swift */,
				14622DDC2AA8411D00D8D1E1 /* SearchStudentModel.swift */,
			);
			path = Model;
			sourceTree = "<group>";
		};
		14622DD82AA8287200D8D1E1 /* View */ = {
			isa = PBXGroup;
			children = (
				14622E922AB83F7800D8D1E1 /* ScheduleHeaderView.swift */,
				148F568C2ABAD13C002FFE8A /* ScheduleSelectSectionHeaderView.swift */,
				14622E032AAB57A000D8D1E1 /* ScheduleCollectionViewCell.swift */,
			);
			path = View;
			sourceTree = "<group>";
		};
		14622DD92AA8287200D8D1E1 /* ViewController */ = {
			isa = PBXGroup;
			children = (
				14622E052AAC05B500D8D1E1 /* ScheduleViewController.swift */,
				14622E232AB2AB5600D8D1E1 /* ScheduleInteractionFact.swift */,
				14622E0D2AAF1B9000D8D1E1 /* ScheduleFact.swift */,
				14622E0B2AAEEA7F00D8D1E1 /* ScheduleCollectionViewLayout.swift */,
			);
			path = ViewController;
			sourceTree = "<group>";
		};
		14622DE42AA8567B00D8D1E1 /* Filter */ = {
			isa = PBXGroup;
			children = (
				14622E0F2AB0478500D8D1E1 /* ScheduleMaping.swift */,
				14622DE62AA8569C00D8D1E1 /* ScheduleCalModel.swift */,
				14E37A072AC3FB82002687E6 /* ScheduleDrawType.swift */,
				141A6DA92AC529EB004BD3BC /* ScheduleDataFetch.swift */,
			);
			path = Filter;
			sourceTree = "<group>";
		};
		14622E422AB47C3D00D8D1E1 /* Carnie */ = {
			isa = PBXGroup;
			children = (
				14622E482AB47D0B00D8D1E1 /* ViewController */,
				14622E492AB47D0B00D8D1E1 /* View */,
			);
			path = Carnie;
			sourceTree = "<group>";
		};
		14622E482AB47D0B00D8D1E1 /* ViewController */ = {
			isa = PBXGroup;
			children = (
				14622E462AB47CCC00D8D1E1 /* CarnieViewController.swift */,
			);
			path = ViewController;
			sourceTree = "<group>";
		};
		14622E492AB47D0B00D8D1E1 /* View */ = {
			isa = PBXGroup;
			children = (
			);
			path = View;
			sourceTree = "<group>";
		};
		147263372ABA866000FB9739 /* ViewController */ = {
			isa = PBXGroup;
			children = (
				147263392ABA867000FB9739 /* MineViewController.swift */,
			);
			path = ViewController;
			sourceTree = "<group>";
		};
		147263382ABA866000FB9739 /* View */ = {
			isa = PBXGroup;
			children = (
			);
			path = View;
			sourceTree = "<group>";
		};
		148F568E2ABB26C9002FFE8A /* Curriculum Details */ = {
			isa = PBXGroup;
			children = (
				148F56902ABB26C9002FFE8A /* ViewController */,
				148F568F2ABB26C9002FFE8A /* View */,
			);
			path = "Curriculum Details";
			sourceTree = "<group>";
		};
		148F568F2ABB26C9002FFE8A /* View */ = {
			isa = PBXGroup;
			children = (
				148F56952ABB2789002FFE8A /* ScheduleDetailCollectionViewCell.swift */,
				148F56932ABB2758002FFE8A /* ScheduleDetailTableHeaderView.swift */,
				148F56972ABB279E002FFE8A /* ScheduleDetailMessageTableViewCell.swift */,
			);
			path = View;
			sourceTree = "<group>";
		};
		148F56902ABB26C9002FFE8A /* ViewController */ = {
			isa = PBXGroup;
			children = (
				148F56912ABB26F1002FFE8A /* ScheduleDetailsViewController.swift */,
			);
			path = ViewController;
			sourceTree = "<group>";
		};
		14B46B652ABD7A560068EB26 /* Login */ = {
			isa = PBXGroup;
			children = (
				14B46B672ABD7A560068EB26 /* ViewController */,
				141A6D822AC4640D004BD3BC /* Model */,
			);
			path = Login;
			sourceTree = "<group>";
		};
		14B46B672ABD7A560068EB26 /* ViewController */ = {
			isa = PBXGroup;
			children = (
				14B46B6A2ABDA84C0068EB26 /* BaseTextFiledViewController.swift */,
				14B46B682ABD7BC20068EB26 /* LoginViewController.swift */,
			);
			path = ViewController;
			sourceTree = "<group>";
		};
		14E379CA2AC3B7DC002687E6 /* UIKitEX */ = {
			isa = PBXGroup;
			children = (
				14076D482AC295E800E2F1D0 /* ConstantsUIKit.swift */,
				14622DD12AA70C8800D8D1E1 /* UIButton+Cyxbs.swift */,
				14622DFD2AA9FB8D00D8D1E1 /* UIView+Cyxbs.swift */,
				14622E2B2AB4295C00D8D1E1 /* PodEX.swift */,
				141A6D852AC517DE004BD3BC /* UIAlterControllerFast.swift */,
			);
			path = UIKitEX;
			sourceTree = "<group>";
		};
		14F9487F2ACA76D800B2C260 /* Tools */ = {
			isa = PBXGroup;
			children = (
				14F948802ACA76F300B2C260 /* FinderToolsView.swift */,
				1411F4042AC8FD1E005E0821 /* FinderTools */,
			);
			path = Tools;
			sourceTree = "<group>";
		};
		1A9B765E235F50A600725937 = {
			isa = PBXGroup;
			children = (
				147234712AC5345F00E1B502 /* CyxbsWidgetExtension.entitlements */,
				14622DB72AA60FD700D8D1E1 /* 掌邮工具类.md */,
				14076D2A2AC2693200E2F1D0 /* Common */,
				14622DCE2AA6FA6100D8D1E1 /* Constants */,
				14622DBB2AA6BE6600D8D1E1 /* NetWork */,
				14622DD32AA825DB00D8D1E1 /* Cache */,
				143F701B2AA16FE40048E264 /* TabBar */,
				1A9B7669235F50A600725937 /* CyxbsMobile2019_iOS */,
				1A9B7682235F50A900725937 /* CyxbsMobile2019_iOSTests */,
				1A9B768D235F50A900725937 /* CyxbsMobile2019_iOSUITests */,
				141A6D8E2AC5280F004BD3BC /* CyxbsWidget */,
				1A9B7668235F50A600725937 /* Products */,
				31CAD973D4E3B19C047677AE /* Pods */,
				2CDC888D97D2E7657DB18FB6 /* Frameworks */,
				AA0DEF682668C7D400284112 /* Introduction */,
			);
			sourceTree = "<group>";
		};
		1A9B7668235F50A600725937 /* Products */ = {
			isa = PBXGroup;
			children = (
				1A9B7667235F50A600725937 /* 掌上重邮.app */,
				1A9B767F235F50A900725937 /* CyxbsMobile2019_iOSTests.xctest */,
				1A9B768A235F50A900725937 /* CyxbsMobile2019_iOSUITests.xctest */,
				141A6D8B2AC5280F004BD3BC /* CyxbsWidgetExtension.appex */,
			);
			name = Products;
			sourceTree = "<group>";
		};
		1A9B7669235F50A600725937 /* CyxbsMobile2019_iOS */ = {
			isa = PBXGroup;
			children = (
				14622DC72AA6DC7400D8D1E1 /* Finder */,
				14622E422AB47C3D00D8D1E1 /* Carnie */,
				14622DC62AA6DC7400D8D1E1 /* Mine */,
				14622DD62AA8287100D8D1E1 /* Curriculum */,
				148F568E2ABB26C9002FFE8A /* Curriculum Details */,
				14B46B652ABD7A560068EB26 /* Login */,
				143F70192AA165C10048E264 /* AppDelegate.swift */,
				14622E1F2AB2850800D8D1E1 /* CyxbsMobile2019_iOS-Bridging-Header.h */,
				14622DC22AA6CF4E00D8D1E1 /* LaunchScreen.storyboard */,
				1A9B7678235F50A800725937 /* Info.plist */,
				D09081DB23F4573B00D5342D /* 掌上重邮.entitlements */,
				14B73F26281BE6C200D08ADD /* Assets.xcassets */,
				14B46B702AC1278A0068EB26 /* 掌上重邮用户协议.md */,
			);
			path = CyxbsMobile2019_iOS;
			sourceTree = "<group>";
		};
		1A9B7682235F50A900725937 /* CyxbsMobile2019_iOSTests */ = {
			isa = PBXGroup;
			children = (
				14622E8C2AB823B900D8D1E1 /* CyxbsMobile2019_iOSTests.swift */,
			);
			path = CyxbsMobile2019_iOSTests;
			sourceTree = "<group>";
		};
		1A9B768D235F50A900725937 /* CyxbsMobile2019_iOSUITests */ = {
			isa = PBXGroup;
			children = (
				14622E8E2AB8241800D8D1E1 /* CyxbsMobile2019_iOSUITests.swift */,
				14622E902AB8249400D8D1E1 /* CyxbsMobile2019_iOSUITestsLaunchTests.swift */,
			);
			path = CyxbsMobile2019_iOSUITests;
			sourceTree = "<group>";
		};
		2CDC888D97D2E7657DB18FB6 /* Frameworks */ = {
			isa = PBXGroup;
			children = (
				D09081D923F4571B00D5342D /* UserNotifications.framework */,
				378D8784FAA6107B09468EAA /* Pods_CyxbsMobile2019_iOS.framework */,
				14076D302AC2950400E2F1D0 /* WidgetKit.framework */,
				14076D322AC2950400E2F1D0 /* SwiftUI.framework */,
				701221C72D1D0714CBC99B62 /* Pods_CyxbsWidgetExtension.framework */,
			);
			name = Frameworks;
			sourceTree = "<group>";
		};
		31CAD973D4E3B19C047677AE /* Pods */ = {
			isa = PBXGroup;
			children = (
				6F3D5CAF0787713C5281B516 /* Pods-CyxbsMobile2019_iOS.debug.xcconfig */,
				F1ED110FF9C783A1A3234FBE /* Pods-CyxbsMobile2019_iOS.release.xcconfig */,
				069EB06A9F0E97D05D881478 /* Pods-CyxbsWidgetExtension.debug.xcconfig */,
				7C6235D9C236ED093C954CF9 /* Pods-CyxbsWidgetExtension.release.xcconfig */,
			);
			path = Pods;
			sourceTree = "<group>";
		};
		AA0DEF682668C7D400284112 /* Introduction */ = {
			isa = PBXGroup;
			children = (
				AA0DEF692668C88D00284112 /* 掌邮工具类.md */,
			);
			name = Introduction;
			sourceTree = "<group>";
		};
/* End PBXGroup section */

/* Begin PBXNativeTarget section */
		141A6D8A2AC5280F004BD3BC /* CyxbsWidgetExtension */ = {
			isa = PBXNativeTarget;
			buildConfigurationList = 141A6D9D2AC52810004BD3BC /* Build configuration list for PBXNativeTarget "CyxbsWidgetExtension" */;
			buildPhases = (
				37D6E943BBC2D951669E4ECF /* [CP] Check Pods Manifest.lock */,
				141A6D872AC5280F004BD3BC /* Sources */,
				141A6D882AC5280F004BD3BC /* Frameworks */,
				141A6D892AC5280F004BD3BC /* Resources */,
			);
			buildRules = (
			);
			dependencies = (
			);
			name = CyxbsWidgetExtension;
			productName = CyxbsWidgetExtension;
			productReference = 141A6D8B2AC5280F004BD3BC /* CyxbsWidgetExtension.appex */;
			productType = "com.apple.product-type.app-extension";
		};
		1A9B7666235F50A600725937 /* CyxbsMobile2019_iOS */ = {
			isa = PBXNativeTarget;
			buildConfigurationList = 1A9B7693235F50A900725937 /* Build configuration list for PBXNativeTarget "CyxbsMobile2019_iOS" */;
			buildPhases = (
				B21145A9612AA583864D1A02 /* [CP] Check Pods Manifest.lock */,
				1A9B7663235F50A600725937 /* Sources */,
				1A9B7664235F50A600725937 /* Frameworks */,
				1A9B7665235F50A600725937 /* Resources */,
				81DCEEACD5150216D20A1471 /* [CP] Copy Pods Resources */,
				5069A10D9BED088AE88BB0DB /* [CP] Embed Pods Frameworks */,
				FE32057327EC902D003D4479 /* ShellScript */,
				14076D432AC2950500E2F1D0 /* Embed Foundation Extensions */,
			);
			buildRules = (
			);
			dependencies = (
				141A6D9B2AC52810004BD3BC /* PBXTargetDependency */,
			);
			name = CyxbsMobile2019_iOS;
			productName = CyxbsMobile2019_iOS;
			productReference = 1A9B7667235F50A600725937 /* 掌上重邮.app */;
			productType = "com.apple.product-type.application";
		};
		1A9B767E235F50A900725937 /* CyxbsMobile2019_iOSTests */ = {
			isa = PBXNativeTarget;
			buildConfigurationList = 1A9B7696235F50A900725937 /* Build configuration list for PBXNativeTarget "CyxbsMobile2019_iOSTests" */;
			buildPhases = (
				1A9B767B235F50A900725937 /* Sources */,
				1A9B767C235F50A900725937 /* Frameworks */,
				1A9B767D235F50A900725937 /* Resources */,
			);
			buildRules = (
			);
			dependencies = (
				1A9B7681235F50A900725937 /* PBXTargetDependency */,
			);
			name = CyxbsMobile2019_iOSTests;
			productName = CyxbsMobile2019_iOSTests;
			productReference = 1A9B767F235F50A900725937 /* CyxbsMobile2019_iOSTests.xctest */;
			productType = "com.apple.product-type.bundle.unit-test";
		};
		1A9B7689235F50A900725937 /* CyxbsMobile2019_iOSUITests */ = {
			isa = PBXNativeTarget;
			buildConfigurationList = 1A9B7699235F50A900725937 /* Build configuration list for PBXNativeTarget "CyxbsMobile2019_iOSUITests" */;
			buildPhases = (
				1A9B7686235F50A900725937 /* Sources */,
				1A9B7687235F50A900725937 /* Frameworks */,
				1A9B7688235F50A900725937 /* Resources */,
			);
			buildRules = (
			);
			dependencies = (
				1A9B768C235F50A900725937 /* PBXTargetDependency */,
			);
			name = CyxbsMobile2019_iOSUITests;
			productName = CyxbsMobile2019_iOSUITests;
			productReference = 1A9B768A235F50A900725937 /* CyxbsMobile2019_iOSUITests.xctest */;
			productType = "com.apple.product-type.bundle.ui-testing";
		};
/* End PBXNativeTarget section */

/* Begin PBXProject section */
		1A9B765F235F50A600725937 /* Project object */ = {
			isa = PBXProject;
			attributes = {
				KnownAssetTags = (
					idsBinding,
				);
				LastSwiftUpdateCheck = 1500;
				LastUpgradeCheck = 1030;
				ORGANIZATIONNAME = Redrock;
				TargetAttributes = {
					141A6D8A2AC5280F004BD3BC = {
						CreatedOnToolsVersion = 15.0;
					};
					1A9B7666235F50A600725937 = {
						CreatedOnToolsVersion = 10.3;
						LastSwiftMigration = 1420;
						SystemCapabilities = {
							com.apple.BackgroundModes = {
								enabled = 1;
							};
							com.apple.Push = {
								enabled = 1;
							};
						};
					};
					1A9B767E235F50A900725937 = {
						CreatedOnToolsVersion = 10.3;
						LastSwiftMigration = 1250;
						TestTargetID = 1A9B7666235F50A600725937;
					};
					1A9B7689235F50A900725937 = {
						CreatedOnToolsVersion = 10.3;
						LastSwiftMigration = 1420;
						TestTargetID = 1A9B7666235F50A600725937;
					};
				};
			};
			buildConfigurationList = 1A9B7662235F50A600725937 /* Build configuration list for PBXProject "CyxbsMobile2019_iOS" */;
			compatibilityVersion = "Xcode 9.3";
			developmentRegion = en;
			hasScannedForEncodings = 0;
			knownRegions = (
				en,
				Base,
				"zh-Hans",
				"ar-001",
				"tz-ru",
				"tz-RU",
			);
			mainGroup = 1A9B765E235F50A600725937;
			productRefGroup = 1A9B7668235F50A600725937 /* Products */;
			projectDirPath = "";
			projectRoot = "";
			targets = (
				1A9B7666235F50A600725937 /* CyxbsMobile2019_iOS */,
				1A9B767E235F50A900725937 /* CyxbsMobile2019_iOSTests */,
				1A9B7689235F50A900725937 /* CyxbsMobile2019_iOSUITests */,
				141A6D8A2AC5280F004BD3BC /* CyxbsWidgetExtension */,
			);
		};
/* End PBXProject section */

/* Begin PBXResourcesBuildPhase section */
		141A6D892AC5280F004BD3BC /* Resources */ = {
			isa = PBXResourcesBuildPhase;
			buildActionMask = 2147483647;
			files = (
				141A6D982AC52810004BD3BC /* Assets.xcassets in Resources */,
				141A6DAF2AC529EC004BD3BC /* sno2021215154.data in Resources */,
			);
			runOnlyForDeploymentPostprocessing = 0;
		};
		1A9B7665235F50A600725937 /* Resources */ = {
			isa = PBXResourcesBuildPhase;
			buildActionMask = 2147483647;
			files = (
				14622E1E2AB1F15D00D8D1E1 /* AliyunEmasServices-Info.plist in Resources */,
				1411F4052AC8FD1E005E0821 /* FinderTools in Resources */,
				14B73F27281BE6C200D08ADD /* Assets.xcassets in Resources */,
				14622DC32AA6CF4E00D8D1E1 /* LaunchScreen.storyboard in Resources */,
				14B46B712AC1278A0068EB26 /* 掌上重邮用户协议.md in Resources */,
			);
			runOnlyForDeploymentPostprocessing = 0;
		};
		1A9B767D235F50A900725937 /* Resources */ = {
			isa = PBXResourcesBuildPhase;
			buildActionMask = 2147483647;
			files = (
			);
			runOnlyForDeploymentPostprocessing = 0;
		};
		1A9B7688235F50A900725937 /* Resources */ = {
			isa = PBXResourcesBuildPhase;
			buildActionMask = 2147483647;
			files = (
			);
			runOnlyForDeploymentPostprocessing = 0;
		};
/* End PBXResourcesBuildPhase section */

/* Begin PBXShellScriptBuildPhase section */
		37D6E943BBC2D951669E4ECF /* [CP] Check Pods Manifest.lock */ = {
			isa = PBXShellScriptBuildPhase;
			buildActionMask = 2147483647;
			files = (
			);
			inputFileListPaths = (
			);
			inputPaths = (
				"${PODS_PODFILE_DIR_PATH}/Podfile.lock",
				"${PODS_ROOT}/Manifest.lock",
			);
			name = "[CP] Check Pods Manifest.lock";
			outputFileListPaths = (
			);
			outputPaths = (
				"$(DERIVED_FILE_DIR)/Pods-CyxbsWidgetExtension-checkManifestLockResult.txt",
			);
			runOnlyForDeploymentPostprocessing = 0;
			shellPath = /bin/sh;
			shellScript = "diff \"${PODS_PODFILE_DIR_PATH}/Podfile.lock\" \"${PODS_ROOT}/Manifest.lock\" > /dev/null\nif [ $? != 0 ] ; then\n    # print error to STDERR\n    echo \"error: The sandbox is not in sync with the Podfile.lock. Run 'pod install' or update your CocoaPods installation.\" >&2\n    exit 1\nfi\n# This output is used by Xcode 'outputs' to avoid re-running this script phase.\necho \"SUCCESS\" > \"${SCRIPT_OUTPUT_FILE_0}\"\n";
			showEnvVarsInLog = 0;
		};
		5069A10D9BED088AE88BB0DB /* [CP] Embed Pods Frameworks */ = {
			isa = PBXShellScriptBuildPhase;
			buildActionMask = 2147483647;
			files = (
			);
			inputFileListPaths = (
				"${PODS_ROOT}/Target Support Files/Pods-CyxbsMobile2019_iOS/Pods-CyxbsMobile2019_iOS-frameworks-${CONFIGURATION}-input-files.xcfilelist",
			);
			name = "[CP] Embed Pods Frameworks";
			outputFileListPaths = (
				"${PODS_ROOT}/Target Support Files/Pods-CyxbsMobile2019_iOS/Pods-CyxbsMobile2019_iOS-frameworks-${CONFIGURATION}-output-files.xcfilelist",
			);
			runOnlyForDeploymentPostprocessing = 0;
			shellPath = /bin/sh;
			shellScript = "\"${PODS_ROOT}/Target Support Files/Pods-CyxbsMobile2019_iOS/Pods-CyxbsMobile2019_iOS-frameworks.sh\"\n";
			showEnvVarsInLog = 0;
		};
		81DCEEACD5150216D20A1471 /* [CP] Copy Pods Resources */ = {
			isa = PBXShellScriptBuildPhase;
			buildActionMask = 2147483647;
			files = (
			);
			inputFileListPaths = (
				"${PODS_ROOT}/Target Support Files/Pods-CyxbsMobile2019_iOS/Pods-CyxbsMobile2019_iOS-resources-${CONFIGURATION}-input-files.xcfilelist",
			);
			name = "[CP] Copy Pods Resources";
			outputFileListPaths = (
				"${PODS_ROOT}/Target Support Files/Pods-CyxbsMobile2019_iOS/Pods-CyxbsMobile2019_iOS-resources-${CONFIGURATION}-output-files.xcfilelist",
			);
			runOnlyForDeploymentPostprocessing = 0;
			shellPath = /bin/sh;
			shellScript = "\"${PODS_ROOT}/Target Support Files/Pods-CyxbsMobile2019_iOS/Pods-CyxbsMobile2019_iOS-resources.sh\"\n";
			showEnvVarsInLog = 0;
		};
		B21145A9612AA583864D1A02 /* [CP] Check Pods Manifest.lock */ = {
			isa = PBXShellScriptBuildPhase;
			buildActionMask = 2147483647;
			files = (
			);
			inputFileListPaths = (
			);
			inputPaths = (
				"${PODS_PODFILE_DIR_PATH}/Podfile.lock",
				"${PODS_ROOT}/Manifest.lock",
			);
			name = "[CP] Check Pods Manifest.lock";
			outputFileListPaths = (
			);
			outputPaths = (
				"$(DERIVED_FILE_DIR)/Pods-CyxbsMobile2019_iOS-checkManifestLockResult.txt",
			);
			runOnlyForDeploymentPostprocessing = 0;
			shellPath = /bin/sh;
			shellScript = "diff \"${PODS_PODFILE_DIR_PATH}/Podfile.lock\" \"${PODS_ROOT}/Manifest.lock\" > /dev/null\nif [ $? != 0 ] ; then\n    # print error to STDERR\n    echo \"error: The sandbox is not in sync with the Podfile.lock. Run 'pod install' or update your CocoaPods installation.\" >&2\n    exit 1\nfi\n# This output is used by Xcode 'outputs' to avoid re-running this script phase.\necho \"SUCCESS\" > \"${SCRIPT_OUTPUT_FILE_0}\"\n";
			showEnvVarsInLog = 0;
		};
		FE32057327EC902D003D4479 /* ShellScript */ = {
			isa = PBXShellScriptBuildPhase;
			buildActionMask = 2147483647;
			files = (
			);
			inputFileListPaths = (
			);
			inputPaths = (
			);
			outputFileListPaths = (
			);
			outputPaths = (
			);
			runOnlyForDeploymentPostprocessing = 0;
			shellPath = /bin/sh;
			shellScript = "#!/bin/sh\n#\n# Copyright 2016 Bugly, Tencent. All rights reserved.\n#\n# V1.4.0\n#\n# 2016.08.03\n#\n#\n#\n######################################################\n# 1. 脚本集成到Xcode工程的Target\n######################################################\n#\n# --- Copy the SCRIPT to the Run Script of Build Phases in the Xcode project ---\n#\n# #\nBUGLY_APP_ID=\"41e7a3c1b3\"\n# #\nBUGLY_APP_KEY=\"c2299ab6-1680-4c45-a84a-a01b75e13709\"\n# #\nBUNDLE_IDENTIFIER=\"com.mredrock.cyxbs\"\n# #\nUPLOAD_DSYM_ONLY=1\n#\n# # 脚本默认配置的版本格式为CFBundleShortVersionString(CFBundleVersion),  如果你修改默认的版本格式, 请设置此变量, 如果不想修改, 请忽略此设置\n# CUSTOMIZED_APP_VERSION=\"\"\n#\n# # Debug模式编译是否上传，1＝上传 0＝不上传，默认不上传\n UPLOAD_DEBUG_SYMBOLS=1\n#\n# # 模拟器编译是否上传，1=上传 0=不上传，默认不上传\n UPLOAD_SIMULATOR_SYMBOLS=1\n#\n# #只有Archive操作时上传, 1=支持Archive上传 0=所有Release模式编译都上传\n# UPLOAD_ARCHIVE_ONLY=0\n#\n# #\n# source dSYMUpload.sh\n#\n# --- END OF SCRIPT ---\n#\n#\n#\n#\n#######################################################\n# 2. 脚本根据输入参数处理\n#######################################################\n#\n# #命令行下输入应用基本信息, .dSYM文件的父目录路径, 输出文件目录即可\n#\n# sh dSYMUpload.sh <bugly_app_id> <bugly_app_key> <app_bundle_identifier> <app_version> <dSYM_src_dir> <bSYMBOL_dest_dir>\n#\n# #\n#\n# #注意:\n# # 1. dSYMUpload.sh会调用buglySymboliOS.jar进行.dSYM解析，所以依赖Java运行时环境\n# # 2. dSYMUpload.sh和buglySymboliOS.jar的文件路径需一致\n#\n#\n\n#\n# --- CONTENT OF SCRIPT ---\n#\n\n# Bugly服务域名\nBUGLY_DSYM_UPLOAD_DOMAIN=\"api.bugly.qq.com\"\n\n# 注意jar工具的路径跟dSYMUpload.sh脚本路径一致, 请务必保证jar路径的正确性\nBUGLY_SYMBOL_JAR_PATH=\"dsymtool/buglySymboliOS.jar\"\n# 查找添加到系统目录的jar工具\nif [ ! -f \"${BUGLY_SYMBOL_JAR_PATH}\" ]; then\n    BUGLY_SYMBOL_JAR_PATH=\"$HOME/bin/buglySymboliOS.jar\"\nfi\n\n# 打印错误信息\nfunction exitWithMessage(){\n    echo \"--------------------------------\"\n    echo \"${1}\"\n    echo \"--------------------------------\"\n    exit ${2}\n}\n\n# 上传bSYMBOL文件\nfunction dSYMUpload() {\n    P_APP_ID=\"$1\"\n    P_APP_KEY=\"$2\"\n    P_APP_BUNDLE_ID=\"$3\"\n    P_APP_VERSION=\"$4\"\n    P_BSYMBOL_ZIP_FILE=\"$5\"\n\n    #\n    P_BSYMBOL_ZIP_FILE_NAME=${P_BSYMBOL_ZIP_FILE##*/}\n    P_BSYMBOL_ZIP_FILE_NAME=${P_BSYMBOL_ZIP_FILE_NAME//&/_}\n    P_BSYMBOL_ZIP_FILE_NAME=\"${P_BSYMBOL_ZIP_FILE_NAME// /_}\"\n\n    DSYM_UPLOAD_URL=\"https://${BUGLY_DSYM_UPLOAD_DOMAIN}/openapi/file/upload/symbol?app_id=${P_APP_ID}&app_key=${P_APP_KEY}\"\n    echo \"dSYM upload url: ${DSYM_UPLOAD_URL}\"\n\n    echo \"-----------------------------\"\n    STATUS=$(/usr/bin/curl -k \"${DSYM_UPLOAD_URL}\" --form \"api_version=1\" --form \"app_id=${P_APP_ID}\" --form \"app_key=${P_APP_KEY}\" --form \"symbolType=2\"  --form \"bundleId=${BUNDLE_IDENTIFIER}\" --form \"productVersion=${BUGLY_APP_VERSION}\" --form \"fileName=${P_BSYMBOL_ZIP_FILE_NAME}\" --form \"file=@${P_BSYMBOL_ZIP_FILE}\" --verbose)\n    echo \"-----------------------------\"\n\n    UPLOAD_RESULT=\"FAILTURE\"\n    echo \"Bugly server response: ${STATUS}\"\n    if [ ! \"${STATUS}\" ]; then\n        echo \"Error: Failed to upload the zip archive file.\"\n    elif [[ \"${STATUS}\" == *\"{\\\"reponseCode\\\":\\\"0\\\"}\"* ]]; then\n        echo \"Success to upload the dSYM for the app [${BUNDLE_IDENTIFIER} ${BUGLY_APP_VERSION}]\"\n        UPLOAD_RESULT=\"SUCCESS\"\n    else\n        echo \"Error: Failed to upload the zip archive file to Bugly.\"\n    fi\n\n    #Remove temp dSYM archive\n    #echo \"Remove temporary zip archive: ${DSYM_ZIP_FPATH}\"\n    #/bin/rm -f \"${DSYM_ZIP_FPATH}\"\n\n    if [ \"$?\" -ne 0 ]; then\n        exitWithMessage \"Error: Failed to remove temporary zip archive.\" 0\n    fi\n\n    echo \"--------------------------------\"\n    echo \"${UPLOAD_RESULT} - dSYM upload complete.\"\n\n    if [[ \"${UPLOAD_RESULT}\" == \"FAILTURE\" ]]; then\n        echo \"--------------------------------\"\n        echo \"Failed to upload the dSYM\"\n        echo \"Please check the script and try it again.\"\n    fi\n}\n\n# .dSYM解析为bSYMBOL文件\nfunction dSYMParse() {\n    DSYM_FILE=\"$1\"\n    DSYM_SYMBOL_FILE=\"$2\"\n\n    echo \"--------------------------------\"\n    echo \"Extract symbol info from .dSYM file. to ${DSYM_SYMBOL_FILE}\"\n    (/usr/bin/java -Xms512m -Xmx1024m -Dfile.encoding=UTF8 -jar \"${BUGLY_SYMBOL_JAR_PATH}\" -i \"${DSYM_FILE}\" -o \"${DSYM_SYMBOL_FILE}\" ) || exitWithMessage \"Error: Failed to extract symbols.\" 1\n    echo \"--------------------------------\"\n\n}\n\n# 执行\nfunction run() {\n\n    CONFIG_BUGLY_APP_ID=\"$1\"\n    CONFIG_BUGLY_APP_KEY=\"$2\"\n\n    CONFIG_BUGLY_APP_BUNDLE_IDENTIFIER=\"$3\"\n    CONFIG_BUGLY_APP_VERSION=\"$4\"\n    CONFIG_DSYM_SOURCE_DIR=\"$5\"\n    CONFIG_DSYM_DEST_DIR=\"$6\"\n    CONFIG_UPLOAD_DSYM_ONLY=\"$7\"\n\n    # 检查必须参数是否设置\n    if [ ! \"${CONFIG_BUGLY_APP_ID}\" ]; then\n        exitWithMessage \"Error: Bugly App ID not defined. Please set 'BUGLY_APP_ID' \" 0\n    fi\n\n    if [[ \"${CONFIG_BUGLY_APP_ID}\" == *\"App ID\"* ]]; then\n        exitWithMessage \"Error: Bugly App ID not defined.\" 0\n    fi\n\n    if [ ! \"${CONFIG_BUGLY_APP_KEY}\" ]; then\n        exitWithMessage \"Error: Bugly App Key not defined.\" 0\n    fi\n\n    if [ ! \"${CONFIG_BUGLY_APP_BUNDLE_IDENTIFIER}\" ]; then\n        exitWithMessage \"Error: Bundle Identifier not defined.\" 0\n    fi\n\n    if [ ! \"${CONFIG_BUGLY_APP_VERSION}\" ]; then\n        exitWithMessage \"Error: App Version not defined.\" 0\n    fi\n\n    if [ ! -e \"${CONFIG_DSYM_SOURCE_DIR}\" ]; then\n        exitWithMessage \"Error: Invalid dir ${CONFIG_DSYM_SOURCE_DIR}\" 0\n    fi\n\n    if [ ! \"${CONFIG_DSYM_DEST_DIR}\" ]; then\n        exitWithMessage \"Error: Invalid dir ${CONFIG_DSYM_DEST_DIR}\" 0\n    fi\n\n    if [ ! -e \"${CONFIG_DSYM_DEST_DIR}\" ]; then\n        mkdir ${CONFIG_DSYM_DEST_DIR}\n    fi\n\n    DSYM_FOLDER=\"${CONFIG_DSYM_SOURCE_DIR}\"\n    IFS=$'\\n'\n\n    echo \"Scaning dSYM FOLDER: ${DSYM_FOLDER} ...\"\n    RET=\"F\"\n    \n    #\n    for dsymFile in $(find \"$DSYM_FOLDER\" -name '*.dSYM'); do\n        RET=\"T\"\n        echo \"Found dSYM file: $dsymFile\"\n\n        DSYM_FILE_NAME=${dsymFile##*/}\n        DSYM_SYMBOL_ZIP_FILE_NAME=\"${DSYM_FILE_NAME}.zip\"\n        DSYM_SYMBOL_ZIP_FILE_NAME=\"${DSYM_SYMBOL_ZIP_FILE_NAME// /_}\"\n        DSYM_SYMBOL_ZIP_FILE=${CONFIG_DSYM_DEST_DIR}/${DSYM_SYMBOL_ZIP_FILE_NAME}\n\n        if [ $CONFIG_UPLOAD_DSYM_ONLY -eq 1 ]; then\n            if [ -e $DSYM_SYMBOL_ZIP_FILE ]; then\n                rm -f $DSYM_SYMBOL_ZIP_FILE\n            fi\n            # 如果只上传dSYM，直接压缩dSYM目录\n            zip -r -j $DSYM_SYMBOL_ZIP_FILE $dsymFile -x *.plist\n        else\n            # 使用符号表工具来生成Symbol文件\n            dSYMParse $dsymFile $DSYM_SYMBOL_ZIP_FILE\n        fi\n        \n        # 上传\n        dSYMUpload $CONFIG_BUGLY_APP_ID $CONFIG_BUGLY_APP_KEY $CONFIG_BUGLY_APP_BUNDLE_IDENTIFIER $CONFIG_BUGLY_APP_VERSION $DSYM_SYMBOL_ZIP_FILE\n    done\n\n    if [ $RET = \"F\" ]; then\n        exitWithMessage \"No .dSYM found in ${DSYM_FOLDER}\" 0\n    fi\n}\n\n# 在Xcode工程中执行\nfunction runInXcode(){\n    echo \"Uploading dSYM to Bugly in Xcode ...\"\n\n    echo \"Info.Plist : ${INFOPLIST_FILE}\"\n\n    BUNDLE_VERSION=$(/usr/libexec/PlistBuddy -c 'Print CFBundleVersion' \"${INFOPLIST_FILE}\")\n    BUNDLE_SHORT_VERSION=$(/usr/libexec/PlistBuddy -c 'Print CFBundleShortVersionString' \"${INFOPLIST_FILE}\")\n\n    # 组装Bugly默认识别的版本信息(格式为CFBundleShortVersionString(CFBundleVersion), 例如: 1.0(1))\n    if [ ! \"${CUSTOMIZED_APP_VERSION}\" ]; then\n        BUGLY_APP_VERSION=\"${BUNDLE_SHORT_VERSION}(${BUNDLE_VERSION})\"\n    else\n        BUGLY_APP_VERSION=\"${CUSTOMIZED_APP_VERSION}\"\n    fi\n\n    echo \"--------------------------------\"\n    echo \"Prepare application information.\"\n    echo \"--------------------------------\"\n\n    echo \"Product Name: ${PRODUCT_NAME}\"\n    echo \"Bundle Identifier: ${BUNDLE_IDENTIFIER}\"\n    echo \"Version: ${BUNDLE_SHORT_VERSION}\"\n    echo \"Build: ${BUNDLE_VERSION}\"\n\n    echo \"Bugly App ID: ${BUGLY_APP_ID}\"\n    echo \"Bugly App key: ${BUGLY_APP_KEY}\"\n    echo \"Bugly App Version: ${BUGLY_APP_VERSION}\"\n\n    echo \"--------------------------------\"\n    echo \"Check the arguments ...\"\n\n    ##检查模拟器编译是否允许上传符号\n    if [ \"$EFFECTIVE_PLATFORM_NAME\" == \"-iphonesimulator\" ]; then\n    if [ $UPLOAD_SIMULATOR_SYMBOLS -eq 0 ]; then\n        exitWithMessage \"Warning: Build for simulator and skipping to upload. \\nYou can modify 'UPLOAD_SIMULATOR_SYMBOLS' to 1 in the script.\" 0\n    fi\n    fi\n\n    ##检查是否是Release模式编译\n    if [ \"${CONFIGURATION=}\" == \"Debug\" ]; then\n    if [ $UPLOAD_DEBUG_SYMBOLS -eq 0 ]; then\n        exitWithMessage \"Warning: Build for debug mode and skipping to upload. \\nYou can modify 'UPLOAD_DEBUG_SYMBOLS' to 1 in the script.\" 0\n    fi\n    fi\n\n    ##检查是否Archive操作\n    if [ $UPLOAD_ARCHIVE_ONLY -eq 1 ]; then\n    if [[ \"$TARGET_BUILD_DIR\" == *\"/Archive\"* ]]; then\n        echo \"Archive the package\"\n    else\n        exitWithMessage \"Warning: Build for NOT Archive mode and skipping to upload. \\nYou can modify 'UPLOAD_ARCHIVE_ONLY' to 0 in the script.\" 0\n    fi\n    fi\n\n    #\n    run ${BUGLY_APP_ID} ${BUGLY_APP_KEY} ${BUNDLE_IDENTIFIER} ${BUGLY_APP_VERSION} ${DWARF_DSYM_FOLDER_PATH} ${BUILD_DIR}/BuglySymbolTemp ${UPLOAD_DSYM_ONLY}\n}\n\n# 根据Xcode的环境变量判断是否处于Xcode环境\nINFO_PLIST_FILE=\"${INFOPLIST_FILE}\"\n\nBuildInXcode=\"F\"\nif [ -f \"${INFO_PLIST_FILE}\" ]; then\n    BuildInXcode=\"T\"\nfi\n\nif [ $BuildInXcode = \"T\" ]; then\n    runInXcode\nelse\n    echo \"\\nUsage: dSYMUpload.sh <bugly_app_id> <bugly_app_key> <app_bundle_identifier> <app_version> <dSYM_src_dir> <bSYMBOL_dest_dir> [upload_dsym_only]\\n\"\n    # 你可以在此处直接设置BuglyAppID和BuglyAppKey，排除不常变参数的输入\n    BUGLY_APP_ID=\"$1\"\n    BUGLY_APP_KEY=\"$2\"\n    BUNDLE_IDENTIFIER=\"$3\"\n    BUGLY_APP_VERSION=\"$4\"\n    DWARF_DSYM_FOLDER_PATH=\"$5\"\n    SYMBOL_OUTPUT_PATH=\"$6\"\n    UPLOAD_DSYM_ONLY=$7\n    run ${BUGLY_APP_ID} ${BUGLY_APP_KEY} ${BUNDLE_IDENTIFIER} ${BUGLY_APP_VERSION} ${DWARF_DSYM_FOLDER_PATH} ${SYMBOL_OUTPUT_PATH} ${UPLOAD_DSYM_ONLY}\nfi\n\n";
		};
/* End PBXShellScriptBuildPhase section */

/* Begin PBXSourcesBuildPhase section */
		141A6D872AC5280F004BD3BC /* Sources */ = {
			isa = PBXSourcesBuildPhase;
			buildActionMask = 2147483647;
			files = (
				141A6DB02AC529EC004BD3BC /* ScheduleSupplementaryView.swift in Sources */,
				141A6DB32AC529EC004BD3BC /* ScheduleSystemLarge.swift in Sources */,
				141A6DBA2AC52A1E004BD3BC /* ScheduleCalModel.swift in Sources */,
				141A6DB92AC52A1B004BD3BC /* ScheduleMaping.swift in Sources */,
				141A6DBF2AC52BCC004BD3BC /* CacheManager.swift in Sources */,
				141A6DBD2AC52A25004BD3BC /* CurriculumModel.swift in Sources */,
				141A6DC32AC52BDE004BD3BC /* APIConfig.swift in Sources */,
				141A6DB12AC529EC004BD3BC /* ScheduleCollectionView.swift in Sources */,
				141A6DB72AC52A02004BD3BC /* UIImageExtensions.swift in Sources */,
				141A6DAC2AC529EC004BD3BC /* ScheduleWidget.swift in Sources */,
				141A6DAD2AC529EC004BD3BC /* ScheduleProvider.swift in Sources */,
				141A6DBE2AC52A28004BD3BC /* SearchStudentModel.swift in Sources */,
				141A6DB42AC529EC004BD3BC /* ScheduleTimelineEntry.swift in Sources */,
				141A6DC12AC52BD9004BD3BC /* SessionManager.swift in Sources */,
				141A6D942AC5280F004BD3BC /* CyxbsWidget.swift in Sources */,
				141A6DA12AC52833004BD3BC /* CyxbsWidget.intentdefinition in Sources */,
				141A6D962AC5280F004BD3BC /* AppIntent.swift in Sources */,
				141A6DB22AC529EC004BD3BC /* ScheduleDataFetch.swift in Sources */,
				141A6DB82AC52A04004BD3BC /* UIColor+Theme.swift in Sources */,
				141A6D922AC5280F004BD3BC /* CyxbsWidgetLiveActivity.swift in Sources */,
				141A6DBC2AC52A23004BD3BC /* ScheduleModel.swift in Sources */,
				141A6DB52AC529FC004BD3BC /* Constants.swift in Sources */,
				141A6DC22AC52BDB004BD3BC /* HttpManager.swift in Sources */,
				14E060DA2AC52EBA009C4F28 /* ViewEX.swift in Sources */,
				141A6DC02AC52BCE004BD3BC /* UserDefualtsManager.swift in Sources */,
				141A6DAE2AC529EC004BD3BC /* ScheduleWidgetEntryView.swift in Sources */,
				141A6D902AC5280F004BD3BC /* CyxbsWidgetBundle.swift in Sources */,
				141A6DBB2AC52A20004BD3BC /* ScheduleDrawType.swift in Sources */,
				141A6DB62AC529FF004BD3BC /* SwiftEX.swift in Sources */,
			);
			runOnlyForDeploymentPostprocessing = 0;
		};
		1A9B7663235F50A600725937 /* Sources */ = {
			isa = PBXSourcesBuildPhase;
			buildActionMask = 2147483647;
			files = (
				14622DDB2AA8303800D8D1E1 /* CurriculumModel.swift in Sources */,
				14622E262AB2FE4000D8D1E1 /* SwiftEX.swift in Sources */,
				14B46B692ABD7BC20068EB26 /* LoginViewController.swift in Sources */,
				148F56982ABB279E002FFE8A /* ScheduleDetailMessageTableViewCell.swift in Sources */,
				14396C772AC855C600C21A2A /* FinderBannerModel.swift in Sources */,
				14622E062AAC05B500D8D1E1 /* ScheduleViewController.swift in Sources */,
				1411F40B2ACA6327005E0821 /* FinderNewsModel.swift in Sources */,
				14622E932AB83F7800D8D1E1 /* ScheduleHeaderView.swift in Sources */,
				14622DCD2AA6DDFC00D8D1E1 /* UITabBarItem+TabBar.swift in Sources */,
				143F702F2AA4980C0048E264 /* TabBar.swift in Sources */,
				14622E472AB47CCC00D8D1E1 /* CarnieViewController.swift in Sources */,
				14F948812ACA76F300B2C260 /* FinderToolsView.swift in Sources */,
				14622DC12AA6C8C100D8D1E1 /* APIConfig.swift in Sources */,
				14622DCB2AA6DC9100D8D1E1 /* FinderViewController.swift in Sources */,
				14B46B732AC127D60068EB26 /* MarkDownViewController.swift in Sources */,
				14622DD22AA70C8800D8D1E1 /* UIButton+Cyxbs.swift in Sources */,
				143F70312AA4B9AE0048E264 /* TabBarHeaderView.swift in Sources */,
				141A6D862AC517DE004BD3BC /* UIAlterControllerFast.swift in Sources */,
				14622E242AB2AB5600D8D1E1 /* ScheduleInteractionFact.swift in Sources */,
				14622E0C2AAEEA7F00D8D1E1 /* ScheduleCollectionViewLayout.swift in Sources */,
				14622DB22AA5ED1D00D8D1E1 /* UIColor+Theme.swift in Sources */,
				14622DBD2AA6BF0100D8D1E1 /* SessionManager.swift in Sources */,
				141A6D842AC4641B004BD3BC /* TokenModel.swift in Sources */,
				14622E2C2AB4295C00D8D1E1 /* PodEX.swift in Sources */,
				14076D492AC295E800E2F1D0 /* ConstantsUIKit.swift in Sources */,
				14622E042AAB57A000D8D1E1 /* ScheduleCollectionViewCell.swift in Sources */,
				148F56962ABB2789002FFE8A /* ScheduleDetailCollectionViewCell.swift in Sources */,
				14E6D1CB2AC820E4006D7695 /* BaseButton.swift in Sources */,
				14622DDD2AA8411D00D8D1E1 /* SearchStudentModel.swift in Sources */,
				1411F4072ACA3343005E0821 /* FinderNewsView.swift in Sources */,
				143F701A2AA165C10048E264 /* AppDelegate.swift in Sources */,
				14622E4D2AB7E3ED00D8D1E1 /* TabBarPresentationViewController.swift in Sources */,
				14622E4B2AB48B3E00D8D1E1 /* FinderHeaderView.swift in Sources */,
				14622DE72AA8569C00D8D1E1 /* ScheduleCalModel.swift in Sources */,
				14B46B6B2ABDA84C0068EB26 /* BaseTextFiledViewController.swift in Sources */,
				148F568D2ABAD13C002FFE8A /* ScheduleSelectSectionHeaderView.swift in Sources */,
				14622DBF2AA6C3C900D8D1E1 /* HttpManager.swift in Sources */,
				148F56942ABB2758002FFE8A /* ScheduleDetailTableHeaderView.swift in Sources */,
				14622E102AB0478500D8D1E1 /* ScheduleMaping.swift in Sources */,
				14396C722AC84FA300C21A2A /* FinderBannerView.swift in Sources */,
				14622E0E2AAF1B9000D8D1E1 /* ScheduleFact.swift in Sources */,
				14622DD52AA825F300D8D1E1 /* CacheManager.swift in Sources */,
				14622DD02AA6FA8900D8D1E1 /* Constants.swift in Sources */,
				143F701D2AA170030048E264 /* TabBarController.swift in Sources */,
				14396C742AC8506000C21A2A /* FinderBannerCollectionViewCell.swift in Sources */,
				14622E4F2AB81EE500D8D1E1 /* PlaceholderCollectionViewCell.swift in Sources */,
				148F56922ABB26F1002FFE8A /* ScheduleDetailsViewController.swift in Sources */,
				148F569A2ABBF2CF002FFE8A /* UIImageExtensions.swift in Sources */,
				14B46B6D2ABE8D220068EB26 /* BaseAgreementView.swift in Sources */,
				14E6D1CC2AC8245D006D7695 /* ScheduleDataFetch.swift in Sources */,
				14E37A082AC3FB82002687E6 /* ScheduleDrawType.swift in Sources */,
				1472633A2ABA867000FB9739 /* MineViewController.swift in Sources */,
				14622E222AB2850900D8D1E1 /* AliyunConfig.m in Sources */,
				1411F40D2ACA63FF005E0821 /* FinderNewsCollectionViewCell.swift in Sources */,
				14622DFE2AA9FB8D00D8D1E1 /* UIView+Cyxbs.swift in Sources */,
				14622DFC2AA8B64100D8D1E1 /* UserDefualtsManager.swift in Sources */,
				14622DE12AA844B100D8D1E1 /* ScheduleModel.swift in Sources */,
			);
			runOnlyForDeploymentPostprocessing = 0;
		};
		1A9B767B235F50A900725937 /* Sources */ = {
			isa = PBXSourcesBuildPhase;
			buildActionMask = 2147483647;
			files = (
				14622E8D2AB823B900D8D1E1 /* CyxbsMobile2019_iOSTests.swift in Sources */,
			);
			runOnlyForDeploymentPostprocessing = 0;
		};
		1A9B7686235F50A900725937 /* Sources */ = {
			isa = PBXSourcesBuildPhase;
			buildActionMask = 2147483647;
			files = (
				14622E912AB8249400D8D1E1 /* CyxbsMobile2019_iOSUITestsLaunchTests.swift in Sources */,
				14622E8F2AB8241800D8D1E1 /* CyxbsMobile2019_iOSUITests.swift in Sources */,
			);
			runOnlyForDeploymentPostprocessing = 0;
		};
/* End PBXSourcesBuildPhase section */

/* Begin PBXTargetDependency section */
		141A6D9B2AC52810004BD3BC /* PBXTargetDependency */ = {
			isa = PBXTargetDependency;
			target = 141A6D8A2AC5280F004BD3BC /* CyxbsWidgetExtension */;
			targetProxy = 141A6D9A2AC52810004BD3BC /* PBXContainerItemProxy */;
		};
		1A9B7681235F50A900725937 /* PBXTargetDependency */ = {
			isa = PBXTargetDependency;
			target = 1A9B7666235F50A600725937 /* CyxbsMobile2019_iOS */;
			targetProxy = 1A9B7680235F50A900725937 /* PBXContainerItemProxy */;
		};
		1A9B768C235F50A900725937 /* PBXTargetDependency */ = {
			isa = PBXTargetDependency;
			target = 1A9B7666235F50A600725937 /* CyxbsMobile2019_iOS */;
			targetProxy = 1A9B768B235F50A900725937 /* PBXContainerItemProxy */;
		};
/* End PBXTargetDependency section */

/* Begin XCBuildConfiguration section */
		141A6D9E2AC52810004BD3BC /* Debug */ = {
			isa = XCBuildConfiguration;
			baseConfigurationReference = 069EB06A9F0E97D05D881478 /* Pods-CyxbsWidgetExtension.debug.xcconfig */;
			buildSettings = {
				ASSETCATALOG_COMPILER_GENERATE_SWIFT_ASSET_SYMBOL_EXTENSIONS = YES;
				ASSETCATALOG_COMPILER_GLOBAL_ACCENT_COLOR_NAME = AccentColor;
				ASSETCATALOG_COMPILER_WIDGET_BACKGROUND_COLOR_NAME = WidgetBackground;
				CLANG_CXX_LANGUAGE_STANDARD = "gnu++20";
				CLANG_WARN_QUOTED_INCLUDE_IN_FRAMEWORK_HEADER = YES;
				CODE_SIGN_ENTITLEMENTS = CyxbsWidgetExtension.entitlements;
				CODE_SIGN_IDENTITY = "Apple Development";
				CODE_SIGN_STYLE = Automatic;
				CURRENT_PROJECT_VERSION = 1;
				DEVELOPMENT_TEAM = 727CVV9PLJ;
				ENABLE_USER_SCRIPT_SANDBOXING = YES;
				GCC_C_LANGUAGE_STANDARD = gnu17;
				GENERATE_INFOPLIST_FILE = YES;
				INFOPLIST_FILE = CyxbsWidget/Info.plist;
				INFOPLIST_KEY_CFBundleDisplayName = CyxbsWidget;
				INFOPLIST_KEY_NSHumanReadableCopyright = "Copyright © 2023 Redrock. All rights reserved.";
				IPHONEOS_DEPLOYMENT_TARGET = 14.0;
				LD_RUNPATH_SEARCH_PATHS = (
					"$(inherited)",
					"@executable_path/Frameworks",
					"@executable_path/../../Frameworks",
				);
				LOCALIZATION_PREFERS_STRING_CATALOGS = YES;
				MARKETING_VERSION = 1.0;
				PRODUCT_BUNDLE_IDENTIFIER = com.mredrock.cyxbs.CyxbsWidget;
				PRODUCT_NAME = "$(TARGET_NAME)";
				SKIP_INSTALL = YES;
				SWIFT_ACTIVE_COMPILATION_CONDITIONS = "DEBUG $(inherited)";
				SWIFT_EMIT_LOC_STRINGS = YES;
				SWIFT_OPTIMIZATION_LEVEL = "-Onone";
				SWIFT_VERSION = 5.0;
				TARGETED_DEVICE_FAMILY = "1,2";
			};
			name = Debug;
		};
		141A6D9F2AC52810004BD3BC /* Release */ = {
			isa = XCBuildConfiguration;
			baseConfigurationReference = 7C6235D9C236ED093C954CF9 /* Pods-CyxbsWidgetExtension.release.xcconfig */;
			buildSettings = {
				ASSETCATALOG_COMPILER_GENERATE_SWIFT_ASSET_SYMBOL_EXTENSIONS = YES;
				ASSETCATALOG_COMPILER_GLOBAL_ACCENT_COLOR_NAME = AccentColor;
				ASSETCATALOG_COMPILER_WIDGET_BACKGROUND_COLOR_NAME = WidgetBackground;
				CLANG_CXX_LANGUAGE_STANDARD = "gnu++20";
				CLANG_WARN_QUOTED_INCLUDE_IN_FRAMEWORK_HEADER = YES;
				CODE_SIGN_ENTITLEMENTS = CyxbsWidgetExtension.entitlements;
				CODE_SIGN_STYLE = Automatic;
				CURRENT_PROJECT_VERSION = 1;
				DEVELOPMENT_TEAM = 727CVV9PLJ;
				ENABLE_USER_SCRIPT_SANDBOXING = YES;
				GCC_C_LANGUAGE_STANDARD = gnu17;
				GENERATE_INFOPLIST_FILE = YES;
				INFOPLIST_FILE = CyxbsWidget/Info.plist;
				INFOPLIST_KEY_CFBundleDisplayName = CyxbsWidget;
				INFOPLIST_KEY_NSHumanReadableCopyright = "Copyright © 2023 Redrock. All rights reserved.";
				IPHONEOS_DEPLOYMENT_TARGET = 14.0;
				LD_RUNPATH_SEARCH_PATHS = (
					"$(inherited)",
					"@executable_path/Frameworks",
					"@executable_path/../../Frameworks",
				);
				LOCALIZATION_PREFERS_STRING_CATALOGS = YES;
				MARKETING_VERSION = 1.0;
				PRODUCT_BUNDLE_IDENTIFIER = com.mredrock.cyxbs.CyxbsWidget;
				PRODUCT_NAME = "$(TARGET_NAME)";
				SKIP_INSTALL = YES;
				SWIFT_COMPILATION_MODE = wholemodule;
				SWIFT_EMIT_LOC_STRINGS = YES;
				SWIFT_VERSION = 5.0;
				TARGETED_DEVICE_FAMILY = "1,2";
			};
			name = Release;
		};
		1A9B7691235F50A900725937 /* Debug */ = {
			isa = XCBuildConfiguration;
			buildSettings = {
				ALWAYS_SEARCH_USER_PATHS = NO;
				CLANG_ANALYZER_NONNULL = YES;
				CLANG_ANALYZER_NUMBER_OBJECT_CONVERSION = YES_AGGRESSIVE;
				CLANG_CXX_LANGUAGE_STANDARD = "gnu++14";
				CLANG_CXX_LIBRARY = "libc++";
				CLANG_ENABLE_MODULES = YES;
				CLANG_ENABLE_OBJC_ARC = YES;
				CLANG_ENABLE_OBJC_WEAK = YES;
				CLANG_WARN_BLOCK_CAPTURE_AUTORELEASING = YES;
				CLANG_WARN_BOOL_CONVERSION = YES;
				CLANG_WARN_COMMA = YES;
				CLANG_WARN_CONSTANT_CONVERSION = YES;
				CLANG_WARN_DEPRECATED_OBJC_IMPLEMENTATIONS = YES;
				CLANG_WARN_DIRECT_OBJC_ISA_USAGE = YES_ERROR;
				CLANG_WARN_DOCUMENTATION_COMMENTS = YES;
				CLANG_WARN_EMPTY_BODY = YES;
				CLANG_WARN_ENUM_CONVERSION = YES;
				CLANG_WARN_INFINITE_RECURSION = YES;
				CLANG_WARN_INT_CONVERSION = YES;
				CLANG_WARN_NON_LITERAL_NULL_CONVERSION = YES;
				CLANG_WARN_OBJC_IMPLICIT_RETAIN_SELF = YES;
				CLANG_WARN_OBJC_LITERAL_CONVERSION = YES;
				CLANG_WARN_OBJC_ROOT_CLASS = YES_ERROR;
				CLANG_WARN_RANGE_LOOP_ANALYSIS = YES;
				CLANG_WARN_STRICT_PROTOTYPES = YES;
				CLANG_WARN_SUSPICIOUS_MOVE = YES;
				CLANG_WARN_UNGUARDED_AVAILABILITY = YES_AGGRESSIVE;
				CLANG_WARN_UNREACHABLE_CODE = YES;
				CLANG_WARN__DUPLICATE_METHOD_MATCH = YES;
				CODE_SIGN_ALLOW_ENTITLEMENTS_MODIFICATION = YES;
				CODE_SIGN_IDENTITY = "iPhone Developer";
				COPY_PHASE_STRIP = NO;
				DEBUG_INFORMATION_FORMAT = dwarf;
				ENABLE_STRICT_OBJC_MSGSEND = YES;
				ENABLE_TESTABILITY = YES;
				GCC_C_LANGUAGE_STANDARD = gnu11;
				GCC_DYNAMIC_NO_PIC = NO;
				GCC_NO_COMMON_BLOCKS = YES;
				GCC_OPTIMIZATION_LEVEL = 0;
				GCC_PREPROCESSOR_DEFINITIONS = (
					"DEBUG=1",
					"$(inherited)",
				);
				GCC_WARN_64_TO_32_BIT_CONVERSION = YES;
				GCC_WARN_ABOUT_RETURN_TYPE = YES_ERROR;
				GCC_WARN_UNDECLARED_SELECTOR = YES;
				GCC_WARN_UNINITIALIZED_AUTOS = YES_AGGRESSIVE;
				GCC_WARN_UNUSED_FUNCTION = YES;
				GCC_WARN_UNUSED_VARIABLE = YES;
				IPHONEOS_DEPLOYMENT_TARGET = 11.0;
				MTL_ENABLE_DEBUG_INFO = INCLUDE_SOURCE;
				MTL_FAST_MATH = YES;
				ONLY_ACTIVE_ARCH = YES;
				SDKROOT = iphoneos;
			};
			name = Debug;
		};
		1A9B7692235F50A900725937 /* Release */ = {
			isa = XCBuildConfiguration;
			buildSettings = {
				ALWAYS_SEARCH_USER_PATHS = NO;
				CLANG_ANALYZER_NONNULL = YES;
				CLANG_ANALYZER_NUMBER_OBJECT_CONVERSION = YES_AGGRESSIVE;
				CLANG_CXX_LANGUAGE_STANDARD = "gnu++14";
				CLANG_CXX_LIBRARY = "libc++";
				CLANG_ENABLE_MODULES = YES;
				CLANG_ENABLE_OBJC_ARC = YES;
				CLANG_ENABLE_OBJC_WEAK = YES;
				CLANG_WARN_BLOCK_CAPTURE_AUTORELEASING = YES;
				CLANG_WARN_BOOL_CONVERSION = YES;
				CLANG_WARN_COMMA = YES;
				CLANG_WARN_CONSTANT_CONVERSION = YES;
				CLANG_WARN_DEPRECATED_OBJC_IMPLEMENTATIONS = YES;
				CLANG_WARN_DIRECT_OBJC_ISA_USAGE = YES_ERROR;
				CLANG_WARN_DOCUMENTATION_COMMENTS = YES;
				CLANG_WARN_EMPTY_BODY = YES;
				CLANG_WARN_ENUM_CONVERSION = YES;
				CLANG_WARN_INFINITE_RECURSION = YES;
				CLANG_WARN_INT_CONVERSION = YES;
				CLANG_WARN_NON_LITERAL_NULL_CONVERSION = YES;
				CLANG_WARN_OBJC_IMPLICIT_RETAIN_SELF = YES;
				CLANG_WARN_OBJC_LITERAL_CONVERSION = YES;
				CLANG_WARN_OBJC_ROOT_CLASS = YES_ERROR;
				CLANG_WARN_RANGE_LOOP_ANALYSIS = YES;
				CLANG_WARN_STRICT_PROTOTYPES = YES;
				CLANG_WARN_SUSPICIOUS_MOVE = YES;
				CLANG_WARN_UNGUARDED_AVAILABILITY = YES_AGGRESSIVE;
				CLANG_WARN_UNREACHABLE_CODE = YES;
				CLANG_WARN__DUPLICATE_METHOD_MATCH = YES;
				CODE_SIGN_ALLOW_ENTITLEMENTS_MODIFICATION = YES;
				CODE_SIGN_IDENTITY = "iPhone Developer";
				COPY_PHASE_STRIP = NO;
				DEBUG_INFORMATION_FORMAT = "dwarf-with-dsym";
				ENABLE_NS_ASSERTIONS = NO;
				ENABLE_STRICT_OBJC_MSGSEND = YES;
				GCC_C_LANGUAGE_STANDARD = gnu11;
				GCC_NO_COMMON_BLOCKS = YES;
				GCC_WARN_64_TO_32_BIT_CONVERSION = YES;
				GCC_WARN_ABOUT_RETURN_TYPE = YES_ERROR;
				GCC_WARN_UNDECLARED_SELECTOR = YES;
				GCC_WARN_UNINITIALIZED_AUTOS = YES_AGGRESSIVE;
				GCC_WARN_UNUSED_FUNCTION = YES;
				GCC_WARN_UNUSED_VARIABLE = YES;
				IPHONEOS_DEPLOYMENT_TARGET = 11.0;
				MTL_ENABLE_DEBUG_INFO = NO;
				MTL_FAST_MATH = YES;
				ONLY_ACTIVE_ARCH = YES;
				SDKROOT = iphoneos;
				VALIDATE_PRODUCT = YES;
			};
			name = Release;
		};
		1A9B7694235F50A900725937 /* Debug */ = {
			isa = XCBuildConfiguration;
			baseConfigurationReference = 6F3D5CAF0787713C5281B516 /* Pods-CyxbsMobile2019_iOS.debug.xcconfig */;
			buildSettings = {
				ALWAYS_EMBED_SWIFT_STANDARD_LIBRARIES = YES;
				ASSETCATALOG_COMPILER_APPICON_NAME = AppIcon;
				ASSETCATALOG_COMPILER_INCLUDE_ALL_APPICON_ASSETS = YES;
				CLANG_ENABLE_MODULES = YES;
				CODE_SIGN_ENTITLEMENTS = "CyxbsMobile2019_iOS/掌上重邮.entitlements";
				CODE_SIGN_IDENTITY = "Apple Development";
				CODE_SIGN_STYLE = Automatic;
				CURRENT_PROJECT_VERSION = 4;
				DEVELOPMENT_TEAM = 727CVV9PLJ;
				GCC_PRECOMPILE_PREFIX_HEADER = NO;
				GCC_PREFIX_HEADER = "";
				HEADER_SEARCH_PATHS = "$(inherited)";
				INFOPLIST_FILE = CyxbsMobile2019_iOS/Info.plist;
				INFOPLIST_KEY_CFBundleDisplayName = "掌上重邮";
				INFOPLIST_KEY_LSApplicationCategoryType = "public.app-category.education";
				IPHONEOS_DEPLOYMENT_TARGET = 13.0;
				LD_RUNPATH_SEARCH_PATHS = (
					"$(inherited)",
					"@executable_path/Frameworks",
				);
				MARKETING_VERSION = 6.4.8;
				OTHER_LDFLAGS = "$(inherited)";
				PRODUCT_BUNDLE_IDENTIFIER = com.mredrock.cyxbs;
				PRODUCT_NAME = "掌上重邮";
				PROVISIONING_PROFILE_SPECIFIER = "";
				SUPPORTED_PLATFORMS = "iphoneos iphonesimulator";
				SUPPORTS_MACCATALYST = NO;
				SUPPORTS_MAC_DESIGNED_FOR_IPHONE_IPAD = NO;
				SWIFT_OBJC_BRIDGING_HEADER = "CyxbsMobile2019_iOS/CyxbsMobile2019_iOS-Bridging-Header.h";
				SWIFT_OPTIMIZATION_LEVEL = "-Onone";
				SWIFT_VERSION = 5.0;
				TARGETED_DEVICE_FAMILY = 1;
			};
			name = Debug;
		};
		1A9B7695235F50A900725937 /* Release */ = {
			isa = XCBuildConfiguration;
			baseConfigurationReference = F1ED110FF9C783A1A3234FBE /* Pods-CyxbsMobile2019_iOS.release.xcconfig */;
			buildSettings = {
				ALWAYS_EMBED_SWIFT_STANDARD_LIBRARIES = YES;
				ASSETCATALOG_COMPILER_APPICON_NAME = AppIcon;
				ASSETCATALOG_COMPILER_INCLUDE_ALL_APPICON_ASSETS = YES;
				CLANG_ENABLE_MODULES = YES;
				CODE_SIGN_ENTITLEMENTS = "CyxbsMobile2019_iOS/掌上重邮.entitlements";
				CODE_SIGN_STYLE = Automatic;
				CURRENT_PROJECT_VERSION = 4;
				DEVELOPMENT_TEAM = 727CVV9PLJ;
				GCC_PRECOMPILE_PREFIX_HEADER = NO;
				GCC_PREFIX_HEADER = "";
				HEADER_SEARCH_PATHS = (
					"$(inherited)",
					"\"${PODS_CONFIGURATION_BUILD_DIR}/AFNetworking/AFNetworking.framework/Headers\"",
					"\"${PODS_CONFIGURATION_BUILD_DIR}/Alamofire/Alamofire.framework/Headers\"",
					"\"${PODS_CONFIGURATION_BUILD_DIR}/FMDB/FMDB.framework/Headers\"",
					"\"${PODS_CONFIGURATION_BUILD_DIR}/IQKeyboardManager/IQKeyboardManager.framework/Headers\"",
					"\"${PODS_CONFIGURATION_BUILD_DIR}/MBProgressHUD/MBProgressHUD.framework/Headers\"",
					"\"${PODS_CONFIGURATION_BUILD_DIR}/MGJRouter/MGJRouter.framework/Headers\"",
					"\"${PODS_CONFIGURATION_BUILD_DIR}/MJExtension/MJExtension.framework/Headers\"",
					"\"${PODS_CONFIGURATION_BUILD_DIR}/MJRefresh/MJRefresh.framework/Headers\"",
					"\"${PODS_CONFIGURATION_BUILD_DIR}/Masonry/Masonry.framework/Headers\"",
					"\"${PODS_CONFIGURATION_BUILD_DIR}/NudeIn/NudeIn.framework/Headers\"",
					"\"${PODS_CONFIGURATION_BUILD_DIR}/RxCocoa/RxCocoa.framework/Headers\"",
					"\"${PODS_CONFIGURATION_BUILD_DIR}/RxRelay/RxRelay.framework/Headers\"",
					"\"${PODS_CONFIGURATION_BUILD_DIR}/RxSwift/RxSwift.framework/Headers\"",
					"\"${PODS_CONFIGURATION_BUILD_DIR}/SDCycleScrollView/SDCycleScrollView.framework/Headers\"",
					"\"${PODS_CONFIGURATION_BUILD_DIR}/SDWebImage/SDWebImage.framework/Headers\"",
					"\"${PODS_CONFIGURATION_BUILD_DIR}/SnapKit/SnapKit.framework/Headers\"",
					"\"${PODS_CONFIGURATION_BUILD_DIR}/SwiftyJSON/SwiftyJSON.framework/Headers\"",
					"\"${PODS_CONFIGURATION_BUILD_DIR}/TZImagePickerController/TZImagePickerController.framework/Headers\"",
					"\"${PODS_CONFIGURATION_BUILD_DIR}/YBImageBrowser/YBImageBrowser.framework/Headers\"",
					"\"${PODS_CONFIGURATION_BUILD_DIR}/YYImage/YYImage.framework/Headers\"",
					"\"${PODS_CONFIGURATION_BUILD_DIR}/YYKit/YYKit.framework/Headers\"",
					"\"${PODS_ROOT}/Headers/Public\"",
					"\"${PODS_ROOT}/Headers/Public/UMCShare\"",
					"\"${PODS_ROOT}/Bugly\"",
				);
				INFOPLIST_FILE = CyxbsMobile2019_iOS/Info.plist;
				INFOPLIST_KEY_CFBundleDisplayName = "掌上重邮";
				INFOPLIST_KEY_LSApplicationCategoryType = "public.app-category.education";
				IPHONEOS_DEPLOYMENT_TARGET = 13.0;
				LD_RUNPATH_SEARCH_PATHS = (
					"$(inherited)",
					"@executable_path/Frameworks",
				);
				MARKETING_VERSION = 6.4.8;
				OTHER_LDFLAGS = "$(inherited)";
				PRODUCT_BUNDLE_IDENTIFIER = com.mredrock.cyxbs;
				PRODUCT_NAME = "掌上重邮";
				PROVISIONING_PROFILE_SPECIFIER = "";
				SUPPORTED_PLATFORMS = "iphoneos iphonesimulator";
				SUPPORTS_MACCATALYST = NO;
				SUPPORTS_MAC_DESIGNED_FOR_IPHONE_IPAD = NO;
				SWIFT_OBJC_BRIDGING_HEADER = "CyxbsMobile2019_iOS/CyxbsMobile2019_iOS-Bridging-Header.h";
				SWIFT_VERSION = 5.0;
				TARGETED_DEVICE_FAMILY = 1;
			};
			name = Release;
		};
		1A9B7697235F50A900725937 /* Debug */ = {
			isa = XCBuildConfiguration;
			buildSettings = {
				ALWAYS_EMBED_SWIFT_STANDARD_LIBRARIES = YES;
				BUNDLE_LOADER = "$(TEST_HOST)";
				CLANG_ENABLE_MODULES = YES;
				CODE_SIGN_STYLE = Automatic;
				DEVELOPMENT_TEAM = D67VC378K4;
				INFOPLIST_FILE = CyxbsMobile2019_iOSTests/Info.plist;
				IPHONEOS_DEPLOYMENT_TARGET = 12.0;
				LD_RUNPATH_SEARCH_PATHS = (
					"$(inherited)",
					"@executable_path/Frameworks",
					"@loader_path/Frameworks",
				);
				PRODUCT_BUNDLE_IDENTIFIER = "com.mredrock.cyxbs.CyxbsMobile2019-iOSTests";
				PRODUCT_NAME = "$(TARGET_NAME)";
				SWIFT_OBJC_BRIDGING_HEADER = "CyxbsMobile2019_iOS/Swift/CyxbsMobile2019_iOSTests-Bridging-Header.h";
				SWIFT_OPTIMIZATION_LEVEL = "-Onone";
				SWIFT_VERSION = 5.0;
				TARGETED_DEVICE_FAMILY = "1,2";
				TEST_HOST = "$(BUILT_PRODUCTS_DIR)/CyxbsMobile2019_iOS.app/CyxbsMobile2019_iOS";
			};
			name = Debug;
		};
		1A9B7698235F50A900725937 /* Release */ = {
			isa = XCBuildConfiguration;
			buildSettings = {
				ALWAYS_EMBED_SWIFT_STANDARD_LIBRARIES = YES;
				BUNDLE_LOADER = "$(TEST_HOST)";
				CLANG_ENABLE_MODULES = YES;
				CODE_SIGN_STYLE = Automatic;
				DEVELOPMENT_TEAM = D67VC378K4;
				INFOPLIST_FILE = CyxbsMobile2019_iOSTests/Info.plist;
				IPHONEOS_DEPLOYMENT_TARGET = 12.0;
				LD_RUNPATH_SEARCH_PATHS = (
					"$(inherited)",
					"@executable_path/Frameworks",
					"@loader_path/Frameworks",
				);
				PRODUCT_BUNDLE_IDENTIFIER = "com.mredrock.cyxbs.CyxbsMobile2019-iOSTests";
				PRODUCT_NAME = "$(TARGET_NAME)";
				SWIFT_OBJC_BRIDGING_HEADER = "CyxbsMobile2019_iOS/Swift/CyxbsMobile2019_iOSTests-Bridging-Header.h";
				SWIFT_VERSION = 5.0;
				TARGETED_DEVICE_FAMILY = "1,2";
				TEST_HOST = "$(BUILT_PRODUCTS_DIR)/CyxbsMobile2019_iOS.app/CyxbsMobile2019_iOS";
			};
			name = Release;
		};
		1A9B769A235F50A900725937 /* Debug */ = {
			isa = XCBuildConfiguration;
			buildSettings = {
				ALWAYS_EMBED_SWIFT_STANDARD_LIBRARIES = YES;
				CLANG_ENABLE_MODULES = YES;
				CODE_SIGN_STYLE = Automatic;
				DEVELOPMENT_TEAM = D67VC378K4;
				INFOPLIST_FILE = CyxbsMobile2019_iOSUITests/Info.plist;
				LD_RUNPATH_SEARCH_PATHS = (
					"$(inherited)",
					"@executable_path/Frameworks",
					"@loader_path/Frameworks",
				);
				PRODUCT_BUNDLE_IDENTIFIER = "com.mredrock.cyxbs.CyxbsMobile2019-iOSUITests";
				PRODUCT_NAME = "$(TARGET_NAME)";
				SWIFT_OPTIMIZATION_LEVEL = "-Onone";
				SWIFT_VERSION = 5.0;
				TARGETED_DEVICE_FAMILY = "1,2";
				TEST_TARGET_NAME = CyxbsMobile2019_iOS;
			};
			name = Debug;
		};
		1A9B769B235F50A900725937 /* Release */ = {
			isa = XCBuildConfiguration;
			buildSettings = {
				ALWAYS_EMBED_SWIFT_STANDARD_LIBRARIES = YES;
				CLANG_ENABLE_MODULES = YES;
				CODE_SIGN_STYLE = Automatic;
				DEVELOPMENT_TEAM = D67VC378K4;
				INFOPLIST_FILE = CyxbsMobile2019_iOSUITests/Info.plist;
				LD_RUNPATH_SEARCH_PATHS = (
					"$(inherited)",
					"@executable_path/Frameworks",
					"@loader_path/Frameworks",
				);
				PRODUCT_BUNDLE_IDENTIFIER = "com.mredrock.cyxbs.CyxbsMobile2019-iOSUITests";
				PRODUCT_NAME = "$(TARGET_NAME)";
				SWIFT_VERSION = 5.0;
				TARGETED_DEVICE_FAMILY = "1,2";
				TEST_TARGET_NAME = CyxbsMobile2019_iOS;
			};
			name = Release;
		};
/* End XCBuildConfiguration section */

/* Begin XCConfigurationList section */
		141A6D9D2AC52810004BD3BC /* Build configuration list for PBXNativeTarget "CyxbsWidgetExtension" */ = {
			isa = XCConfigurationList;
			buildConfigurations = (
				141A6D9E2AC52810004BD3BC /* Debug */,
				141A6D9F2AC52810004BD3BC /* Release */,
			);
			defaultConfigurationIsVisible = 0;
			defaultConfigurationName = Release;
		};
		1A9B7662235F50A600725937 /* Build configuration list for PBXProject "CyxbsMobile2019_iOS" */ = {
			isa = XCConfigurationList;
			buildConfigurations = (
				1A9B7691235F50A900725937 /* Debug */,
				1A9B7692235F50A900725937 /* Release */,
			);
			defaultConfigurationIsVisible = 0;
			defaultConfigurationName = Release;
		};
		1A9B7693235F50A900725937 /* Build configuration list for PBXNativeTarget "CyxbsMobile2019_iOS" */ = {
			isa = XCConfigurationList;
			buildConfigurations = (
				1A9B7694235F50A900725937 /* Debug */,
				1A9B7695235F50A900725937 /* Release */,
			);
			defaultConfigurationIsVisible = 0;
			defaultConfigurationName = Release;
		};
		1A9B7696235F50A900725937 /* Build configuration list for PBXNativeTarget "CyxbsMobile2019_iOSTests" */ = {
			isa = XCConfigurationList;
			buildConfigurations = (
				1A9B7697235F50A900725937 /* Debug */,
				1A9B7698235F50A900725937 /* Release */,
			);
			defaultConfigurationIsVisible = 0;
			defaultConfigurationName = Release;
		};
		1A9B7699235F50A900725937 /* Build configuration list for PBXNativeTarget "CyxbsMobile2019_iOSUITests" */ = {
			isa = XCConfigurationList;
			buildConfigurations = (
				1A9B769A235F50A900725937 /* Debug */,
				1A9B769B235F50A900725937 /* Release */,
			);
			defaultConfigurationIsVisible = 0;
			defaultConfigurationName = Release;
		};
/* End XCConfigurationList section */
	};
	rootObject = 1A9B765F235F50A600725937 /* Project object */;
}
