PODS:
  - Alamofire (5.8.0)
  - Bugly (2.5.93)
  - FluentDarkModeKit (1.0.4)
  - IQKeyboardManager (6.5.12)
  - JXBanner (0.3.6):
    - JXBanner/Banner (= 0.3.6)
    - JXBanner/PageControl (= 0.3.6)
  - JXBanner/Banner (0.3.6):
    - JXBanner/Banner/API (= 0.3.6)
    - JXBanner/Banner/Banner (= 0.3.6)
    - JXBanner/Banner/Cell (= 0.3.6)
    - JXBanner/Banner/Common (= 0.3.6)
    - JXBanner/Banner/Transform (= 0.3.6)
  - JXBanner/Banner/API (0.3.6):
    - JXBanner/Banner/Cell
    - JXBanner/PageControl
  - JXBanner/Banner/Banner (0.3.6):
    - JXBanner/Banner/API
    - JXBanner/Banner/Common
    - JXBanner/Banner/Transform
  - JXBanner/Banner/Cell (0.3.6)
  - JXBanner/Banner/Common (0.3.6)
  - JXBanner/Banner/Transform (0.3.6):
    - JXBanner/Banner/API
  - JXBanner/PageControl (0.3.6):
    - JXPageControl
  - JXPageControl (0.1.5):
    - JXPageControl/Common (= 0.1.5)
    - JXPageControl/Jump (= 0.1.5)
    - JXPageControl/Transform (= 0.1.5)
  - JXPageControl/Common (0.1.5)
  - JXPageControl/Jump (0.1.5):
    - JXPageControl/Common
  - JXPageControl/Transform (0.1.5):
    - JXPageControl/Common
  - JXPagingView (2.1.2):
    - JXPagingView/Pager (= 2.1.2)
    - JXPagingView/Paging (= 2.1.2)
  - JXPagingView/Pager (2.1.2)
  - JXPagingView/Paging (2.1.2)
  - JXSegmentedView (1.3.0)
  - LookinServer (1.1.7):
    - LookinServer/Core (= 1.1.7)
  - LookinServer/Core (1.1.7)
  - MBProgressHUD (1.2.0)
  - MJRefresh (3.7.5)
  - RYAngelWalker (0.1.0)
  - RYTransitioningDelegateSwift (0.1.0)
  - SDWebImage (5.18.0):
    - SDWebImage/Core (= 5.18.0)
  - SDWebImage/Core (5.18.0)
  - SwifterSwift/Foundation (5.2.0)
  - SwifterSwift/SwiftStdlib (5.2.0)
  - SwifterSwift/UIKit (5.2.0)
  - SwiftyJSON (5.0.1)
  - UMCCommonLog (2.0.2)
  - UMCommon (7.4.1):
    - UMDevice
  - UMDevice (3.1.0)
  - UMShare/Core (6.10.7):
    - UMCommon
  - UMShare/Social/QQ (6.10.7):
    - UMCommon
    - UMShare/Core
    - UMShare/Social/ReducedQQ
  - UMShare/Social/ReducedQQ (6.10.7):
    - UMCommon
    - UMShare/Core
  - UMShare/Social/ReducedWeChat (6.10.7):
    - UMCommon
    - UMShare/Core
  - UMShare/Social/WeChat (6.10.7):
    - UMCommon
    - UMShare/Core
    - UMShare/Social/ReducedWeChat
  - UMVerify (2.7.0):
    - UMCommon

DEPENDENCIES:
  - Alamofire
  - Bugly
  - FluentDarkModeKit
  - IQKeyboardManager
  - JXBanner
  - JXPageControl
  - JXPagingView
  - JXSegmentedView
  - LookinServer
  - MBProgressHUD
  - MJRefresh
  - RYAngelWalker
  - RYTransitioningDelegateSwift
  - SDWebImage
  - SwifterSwift/Foundation
  - SwifterSwift/SwiftStdlib
  - SwifterSwift/UIKit
  - SwiftyJSON
  - UMCCommonLog
  - UMCommon
  - UMDevice
  - UMShare/Social/QQ
  - UMShare/Social/WeChat
  - UMVerify

SPEC REPOS:
  https://github.com/CocoaPods/Specs.git:
    - FluentDarkModeKit
    - MBProgressHUD
    - RYAngelWalker
    - RYTransitioningDelegateSwift
  https://mirrors.tuna.tsinghua.edu.cn/git/CocoaPods/Specs.git:
    - Alamofire
    - Bugly
    - IQKeyboardManager
    - JXBanner
    - JXPageControl
    - JXPagingView
    - JXSegmentedView
    - LookinServer
    - MJRefresh
    - SDWebImage
    - SwifterSwift
    - SwiftyJSON
    - UMCCommonLog
    - UMCommon
    - UMDevice
    - UMShare
    - UMVerify

SPEC CHECKSUMS:
  Alamofire: 0e92e751b3e9e66d7982db43919d01f313b8eb91
  Bugly: b8715e6ec4004b7f7fbffab0643ba80545aee3da
  FluentDarkModeKit: b6317653a00329564582884772ec57c4eaad1a1f
  IQKeyboardManager: b1fd66ccf7a79095bdcc4a2735231586f744216e
  JXBanner: 348dbef856e786494cbf30fb45d6b84826f2d3c5
  JXPageControl: e9487b39e2e58fc17790833214f3b8e935bef98b
  JXPagingView: 90924b364a2ff7e94db534fad1fa50925ff69ee4
  JXSegmentedView: fec0d335355b6e019c494fe2e030bde8a36d2df6
  LookinServer: 4ce0469b066871525611d009d8d16a7a50c23491
  MBProgressHUD: 3ee5efcc380f6a79a7cc9b363dd669c5e1ae7406
  MJRefresh: fdf5e979eb406a0341468932d1dfc8b7f9fce961
  RYAngelWalker: cb74daf62cf628394e7f843ba91d44e23de0aaf0
  RYTransitioningDelegateSwift: 9389f8a8170cfff336b8e7828e111bb28d8f8795
  SDWebImage: 182830bcddc30cde95fbc60dfe4badc3553d94ba
  SwifterSwift: 334181863c416882d97b7a60c05054d9e4d799e2
  SwiftyJSON: 2f33a42c6fbc52764d96f13368585094bfd8aa5e
  UMCCommonLog: bea707e50c85cef4b0eb47cc5c7226bb843245ca
  UMCommon: 47e0b53f6a36568e958a5abd005ed7577fcac9ad
  UMDevice: 9ef8045b59e0479cff7062915c879a1af46fa094
  UMShare: 8a1030a9793941d1129a82d5bc02cd97df5ae210
  UMVerify: 4f973edfe5f001305a854df7a0de9f1bb013d4db

PODFILE CHECKSUM: 7ace8b8c8fec9f077d1e638172343c433dc4c3af

COCOAPODS: 1.12.1
