PODS:
  - Alamofire (5.8.0)
  - AlicloudHTTPDNS (2.1.0):
    - AlicloudSender
    - AlicloudUT
    - AlicloudUtils
  - AlicloudSender (1.0.0.3):
    - AlicloudUTDID
    - EMASRest
  - AlicloudUT (5.2.0.16):
    - AlicloudUTDID
  - AlicloudUTDID (1.5.0.94)
  - AlicloudUtils (1.4.1):
    - AlicloudUTDID
  - Bugly (2.5.93)
  - EMASRest (11.1.1.2)
  - JXBanner (0.3.6):
    - JXBanner/Banner (= 0.3.6)
    - JXBanner/PageControl (= 0.3.6)
  - JXBanner/Banner (0.3.6):
    - JXBanner/Banner/API (= 0.3.6)
    - JXBanner/Banner/Banner (= 0.3.6)
    - JXBanner/Banner/Cell (= 0.3.6)
    - JXBanner/Banner/Common (= 0.3.6)
    - JXBanner/Banner/Transform (= 0.3.6)
  - JXBanner/Banner/API (0.3.6):
    - JXBanner/Banner/Cell
    - JXBanner/PageControl
  - JXBanner/Banner/Banner (0.3.6):
    - JXBanner/Banner/API
    - JXBanner/Banner/Common
    - JXBanner/Banner/Transform
  - JXBanner/Banner/Cell (0.3.6)
  - JXBanner/Banner/Common (0.3.6)
  - JXBanner/Banner/Transform (0.3.6):
    - JXBanner/Banner/API
  - JXBanner/PageControl (0.3.6):
    - JXPageControl
  - JXPageControl (0.1.5):
    - JXPageControl/Common (= 0.1.5)
    - JXPageControl/Jump (= 0.1.5)
    - JXPageControl/Transform (= 0.1.5)
  - JXPageControl/Common (0.1.5)
  - JXPageControl/Jump (0.1.5):
    - JXPageControl/Common
  - JXPageControl/Transform (0.1.5):
    - JXPageControl/Common
  - JXPagingView (2.1.2):
    - JXPagingView/Pager (= 2.1.2)
    - JXPagingView/Paging (= 2.1.2)
  - JXPagingView/Pager (2.1.2)
  - JXPagingView/Paging (2.1.2)
  - JXSegmentedView (1.3.0)
  - LookinServer (1.2.2):
    - LookinServer/Core (= 1.2.2)
  - LookinServer/Core (1.2.2)
  - MarkdownKit (1.7.1)
  - MJRefresh (3.7.5)
  - ProgressHUD (13.7.2)
  - RYAngelWalker (0.1.0)
  - RYTransitioningDelegateSwift (0.2.0)
  - SDWebImage (5.18.2):
    - SDWebImage/Core (= 5.18.2)
  - SDWebImage/Core (5.18.2)
  - SwiftyJSON (5.0.1)
  - TagListView (1.4.1)
  - UMCCommonLog (2.0.2)
  - UMCommon (7.4.2):
    - UMDevice
  - UMDevice (3.1.0)
  - UMShare/Core (6.10.7):
    - UMCommon
  - UMShare/Social/QQ (6.10.7):
    - UMCommon
    - UMShare/Core
    - UMShare/Social/ReducedQQ
  - UMShare/Social/ReducedQQ (6.10.7):
    - UMCommon
    - UMShare/Core
  - UMShare/Social/ReducedWeChat (6.10.7):
    - UMCommon
    - UMShare/Core
  - UMShare/Social/WeChat (6.10.7):
    - UMCommon
    - UMShare/Core
    - UMShare/Social/ReducedWeChat
  - UMVerify (2.7.0):
    - UMCommon

DEPENDENCIES:
  - Alamofire
  - AlicloudHTTPDNS
  - AlicloudUtils
  - Bugly
  - JXBanner
  - JXPageControl
  - JXPagingView
  - JXSegmentedView
  - LookinServer
  - MarkdownKit
  - MJRefresh
  - ProgressHUD (from `https://github.com/relatedcode/ProgressHUD.git`)
  - RYAngelWalker
  - RYTransitioningDelegateSwift
  - SDWebImage
  - SwiftyJSON
  - TagListView
  - UMCCommonLog
  - UMCommon
  - UMDevice
  - UMShare/Social/QQ
  - UMShare/Social/WeChat
  - UMVerify

SPEC REPOS:
  https://github.com/aliyun/aliyun-specs.git:
    - AlicloudHTTPDNS
    - AlicloudSender
    - AlicloudUT
    - AlicloudUTDID
    - AlicloudUtils
    - EMASRest
  https://github.com/CocoaPods/Specs.git:
    - Alamofire
    - Bugly
    - JXBanner
    - JXPageControl
    - JXPagingView
    - JXSegmentedView
    - LookinServer
    - MarkdownKit
    - MJRefresh
    - RYAngelWalker
    - RYTransitioningDelegateSwift
    - SDWebImage
    - SwiftyJSON
    - TagListView
    - UMCCommonLog
    - UMCommon
    - UMDevice
    - UMShare
    - UMVerify

EXTERNAL SOURCES:
  ProgressHUD:
    :git: https://github.com/relatedcode/ProgressHUD.git

CHECKOUT OPTIONS:
  ProgressHUD:
    :commit: f2718187912629234cde17dfb910311fdf364e60
    :git: https://github.com/relatedcode/ProgressHUD.git

SPEC CHECKSUMS:
  Alamofire: 0e92e751b3e9e66d7982db43919d01f313b8eb91
  AlicloudHTTPDNS: fc256d8741c8163a8f3171d63fec30e5b5cf410d
  AlicloudSender: 1f468b6bd962a099ffc19d45e3608b0fe98f259d
  AlicloudUT: 6d1cf30d57d096b7e9bb4b069dd0ba6ad59a3338
  AlicloudUTDID: 7323c443dcdf9a73e2224dc6ce51703671d7a765
  AlicloudUtils: 873a76615bebcee8b1996f20820d366e433c3eab
  Bugly: b8715e6ec4004b7f7fbffab0643ba80545aee3da
  EMASRest: 8df6f87836767a9415ad5cc4af739bc9d215b475
  JXBanner: 348dbef856e786494cbf30fb45d6b84826f2d3c5
  JXPageControl: e9487b39e2e58fc17790833214f3b8e935bef98b
  JXPagingView: 90924b364a2ff7e94db534fad1fa50925ff69ee4
  JXSegmentedView: fec0d335355b6e019c494fe2e030bde8a36d2df6
  LookinServer: 3204eefff2f18e19fa546931fb5f1b88bc709a0b
  MarkdownKit: 0b15195c63cf3e39387949c4bdeccde0055e252a
  MJRefresh: fdf5e979eb406a0341468932d1dfc8b7f9fce961
  ProgressHUD: 093d24ca970f191744017bee2649e37d0cd1c5b9
  RYAngelWalker: cb74daf62cf628394e7f843ba91d44e23de0aaf0
  RYTransitioningDelegateSwift: aff6f8cc0567cb4b4596cf7cf1d9bc2477a2459d
  SDWebImage: c0de394d7cf7f9838aed1fd6bb6037654a4572e4
  SwiftyJSON: 2f33a42c6fbc52764d96f13368585094bfd8aa5e
  TagListView: a1c236d17960a0cf64156725a76ce6d73ebce2be
  UMCCommonLog: bea707e50c85cef4b0eb47cc5c7226bb843245ca
  UMCommon: 35b28c82a3a3be892f895628261edce11b6a9e3e
  UMDevice: 9ef8045b59e0479cff7062915c879a1af46fa094
  UMShare: 8a1030a9793941d1129a82d5bc02cd97df5ae210
  UMVerify: 4f973edfe5f001305a854df7a0de9f1bb013d4db

PODFILE CHECKSUM: 323f5c148e6a50bdb38bd61e9a8619cda159fd6f

COCOAPODS: 1.12.1
